// !$*UTF8*$!
{
	archiveVersion = 1;
	classes = {
	};
	objectVersion = 50;
	objects = {

/* Begin PBXBuildFile section */
		7A0A7BF823CD5E88009F3BF6 /* ImagePage.swift in Sources */ = {isa = PBXBuildFile; fileRef = 7A0A7BF723CD5E88009F3BF6 /* ImagePage.swift */; };
		7A2161142389857700D5A93A /* Constant.swift in Sources */ = {isa = PBXBuildFile; fileRef = 7A21610C2389857700D5A93A /* Constant.swift */; };
		7A2161152389857700D5A93A /* SetColorInHex.swift in Sources */ = {isa = PBXBuildFile; fileRef = 7A21610D2389857700D5A93A /* SetColorInHex.swift */; };
		7A2161162389857700D5A93A /* UIKitExtension.swift in Sources */ = {isa = PBXBuildFile; fileRef = 7A21610E2389857700D5A93A /* UIKitExtension.swift */; };
		7A2161182389857700D5A93A /* Function.swift in Sources */ = {isa = PBXBuildFile; fileRef = 7A2161102389857700D5A93A /* Function.swift */; };
		7A2161192389857700D5A93A /* SetFrame.swift in Sources */ = {isa = PBXBuildFile; fileRef = 7A2161112389857700D5A93A /* SetFrame.swift */; };
		7A21611A2389857700D5A93A /* Mix.swift in Sources */ = {isa = PBXBuildFile; fileRef = 7A2161122389857700D5A93A /* Mix.swift */; };
		7A21611B2389857700D5A93A /* Colors.swift in Sources */ = {isa = PBXBuildFile; fileRef = 7A2161132389857700D5A93A /* Colors.swift */; };
		7A2161262389868500D5A93A /* ViewTab.swift in Sources */ = {isa = PBXBuildFile; fileRef = 7A2161222389868500D5A93A /* ViewTab.swift */; };
		7A2161272389868500D5A93A /* ModelTab.swift in Sources */ = {isa = PBXBuildFile; fileRef = 7A2161232389868500D5A93A /* ModelTab.swift */; };
		7A2161282389868500D5A93A /* TestTab.swift in Sources */ = {isa = PBXBuildFile; fileRef = 7A2161242389868500D5A93A /* TestTab.swift */; };
		7A2161292389868500D5A93A /* ControllerTab.swift in Sources */ = {isa = PBXBuildFile; fileRef = 7A2161252389868500D5A93A /* ControllerTab.swift */; };
		7A2161322389869D00D5A93A /* DecoratorPage.swift in Sources */ = {isa = PBXBuildFile; fileRef = 7A21612B2389869D00D5A93A /* DecoratorPage.swift */; };
		7A2161332389869D00D5A93A /* Books.plist in Resources */ = {isa = PBXBuildFile; fileRef = 7A21612C2389869D00D5A93A /* Books.plist */; };
		7A2161342389869D00D5A93A /* NumberFormatterPage.swift in Sources */ = {isa = PBXBuildFile; fileRef = 7A21612D2389869D00D5A93A /* NumberFormatterPage.swift */; };
		7A2161352389869D00D5A93A /* MenuControllerPage.swift in Sources */ = {isa = PBXBuildFile; fileRef = 7A21612E2389869D00D5A93A /* MenuControllerPage.swift */; };
		7A2161362389869D00D5A93A /* DelegatePage.swift in Sources */ = {isa = PBXBuildFile; fileRef = 7A21612F2389869D00D5A93A /* DelegatePage.swift */; };
		7A2161372389869D00D5A93A /* PlistPage.swift in Sources */ = {isa = PBXBuildFile; fileRef = 7A2161302389869D00D5A93A /* PlistPage.swift */; };
		7A2161382389869D00D5A93A /* ProtocolPage.swift in Sources */ = {isa = PBXBuildFile; fileRef = 7A2161312389869D00D5A93A /* ProtocolPage.swift */; };
		7A21613A238986A400D5A93A /* Images.xcassets in Resources */ = {isa = PBXBuildFile; fileRef = 7A216139238986A400D5A93A /* Images.xcassets */; };
		7A21613E238986AA00D5A93A /* TestPage.swift in Sources */ = {isa = PBXBuildFile; fileRef = 7A21613C238986AA00D5A93A /* TestPage.swift */; };
		7A21613F238986AA00D5A93A /* GeneralSubpage.swift in Sources */ = {isa = PBXBuildFile; fileRef = 7A21613D238986AA00D5A93A /* GeneralSubpage.swift */; };
		7A216153238986AF00D5A93A /* ButtonPage.swift in Sources */ = {isa = PBXBuildFile; fileRef = 7A216141238986AF00D5A93A /* ButtonPage.swift */; };
		7A216154238986AF00D5A93A /* LabelPage.swift in Sources */ = {isa = PBXBuildFile; fileRef = 7A216142238986AF00D5A93A /* LabelPage.swift */; };
		7A216155238986AF00D5A93A /* ScrollViewPage.swift in Sources */ = {isa = PBXBuildFile; fileRef = 7A216143238986AF00D5A93A /* ScrollViewPage.swift */; };
		7A216156238986AF00D5A93A /* SwitchPage.swift in Sources */ = {isa = PBXBuildFile; fileRef = 7A216144238986AF00D5A93A /* SwitchPage.swift */; };
		7A216157238986AF00D5A93A /* SliderPage.swift in Sources */ = {isa = PBXBuildFile; fileRef = 7A216145238986AF00D5A93A /* SliderPage.swift */; };
		7A216158238986AF00D5A93A /* TextViewPage.swift in Sources */ = {isa = PBXBuildFile; fileRef = 7A216146238986AF00D5A93A /* TextViewPage.swift */; };
		7A216159238986AF00D5A93A /* StackViewPage.swift in Sources */ = {isa = PBXBuildFile; fileRef = 7A216147238986AF00D5A93A /* StackViewPage.swift */; };
		7A21615A238986AF00D5A93A /* AnimationPage.swift in Sources */ = {isa = PBXBuildFile; fileRef = 7A216148238986AF00D5A93A /* AnimationPage.swift */; };
		7A21615B238986AF00D5A93A /* WebViewPage.swift in Sources */ = {isa = PBXBuildFile; fileRef = 7A216149238986AF00D5A93A /* WebViewPage.swift */; };
		7A21615C238986AF00D5A93A /* DatePickerPage.swift in Sources */ = {isa = PBXBuildFile; fileRef = 7A21614A238986AF00D5A93A /* DatePickerPage.swift */; };
		7A21615D238986AF00D5A93A /* PageControlPage.swift in Sources */ = {isa = PBXBuildFile; fileRef = 7A21614B238986AF00D5A93A /* PageControlPage.swift */; };
		7A21615E238986AF00D5A93A /* TableViewPage.swift in Sources */ = {isa = PBXBuildFile; fileRef = 7A21614C238986AF00D5A93A /* TableViewPage.swift */; };
		7A21615F238986AF00D5A93A /* TextFieldPage.swift in Sources */ = {isa = PBXBuildFile; fileRef = 7A21614D238986AF00D5A93A /* TextFieldPage.swift */; };
		7A216160238986AF00D5A93A /* ViewPage.swift in Sources */ = {isa = PBXBuildFile; fileRef = 7A21614E238986AF00D5A93A /* ViewPage.swift */; };
		7A216161238986AF00D5A93A /* SegmentControlPage.swift in Sources */ = {isa = PBXBuildFile; fileRef = 7A21614F238986AF00D5A93A /* SegmentControlPage.swift */; };
		7A216162238986AF00D5A93A /* StepperPage.swift in Sources */ = {isa = PBXBuildFile; fileRef = 7A216150238986AF00D5A93A /* StepperPage.swift */; };
		7A216163238986AF00D5A93A /* PickerViewPage.swift in Sources */ = {isa = PBXBuildFile; fileRef = 7A216151238986AF00D5A93A /* PickerViewPage.swift */; };
		7A216164238986AF00D5A93A /* ImageViewPage.swift in Sources */ = {isa = PBXBuildFile; fileRef = 7A216152238986AF00D5A93A /* ImageViewPage.swift */; };
		7A27506622ABA25600C8A474 /* AppDelegate.swift in Sources */ = {isa = PBXBuildFile; fileRef = 7A27506522ABA25600C8A474 /* AppDelegate.swift */; };
		7A27506B22ABA25600C8A474 /* Main.storyboard in Resources */ = {isa = PBXBuildFile; fileRef = 7A27506922ABA25600C8A474 /* Main.storyboard */; };
		7A27506D22ABA25A00C8A474 /* Assets.xcassets in Resources */ = {isa = PBXBuildFile; fileRef = 7A27506C22ABA25A00C8A474 /* Assets.xcassets */; };
		7A27507022ABA25A00C8A474 /* LaunchScreen.storyboard in Resources */ = {isa = PBXBuildFile; fileRef = 7A27506E22ABA25A00C8A474 /* LaunchScreen.storyboard */; };
		7A27507B22ABA25B00C8A474 /* SwiftNotesTests.swift in Sources */ = {isa = PBXBuildFile; fileRef = 7A27507A22ABA25B00C8A474 /* SwiftNotesTests.swift */; };
		7A27508622ABA25B00C8A474 /* SwiftNotesUITests.swift in Sources */ = {isa = PBXBuildFile; fileRef = 7A27508522ABA25B00C8A474 /* SwiftNotesUITests.swift */; };
		7A31324F2392A6680008298C /* ClassPage.swift in Sources */ = {isa = PBXBuildFile; fileRef = 7A31324E2392A6680008298C /* ClassPage.swift */; };
		7A33086923CC48A30021BA5B /* RequestPage.swift in Sources */ = {isa = PBXBuildFile; fileRef = 7A33086823CC48A30021BA5B /* RequestPage.swift */; };
		7A33088A23CC66850021BA5B /* HandyJSON.framework in Frameworks */ = {isa = PBXBuildFile; fileRef = 7A75C27B23CC430C00F9376D /* HandyJSON.framework */; };
		7A33088B23CC66850021BA5B /* HandyJSON.framework in Embed Frameworks */ = {isa = PBXBuildFile; fileRef = 7A75C27B23CC430C00F9376D /* HandyJSON.framework */; settings = {ATTRIBUTES = (CodeSignOnCopy, RemoveHeadersOnCopy, ); }; };
		7A3308BF23CC67360021BA5B /* HandyJSONPage.swift in Sources */ = {isa = PBXBuildFile; fileRef = 7A3308BE23CC67360021BA5B /* HandyJSONPage.swift */; };
		7A3308C323CC6DAD0021BA5B /* Styles.swift in Sources */ = {isa = PBXBuildFile; fileRef = 7A3308C223CC6DAD0021BA5B /* Styles.swift */; };
		7A3647EF238AB1D1000BBECD /* SQLite.framework in Frameworks */ = {isa = PBXBuildFile; fileRef = 7A3647DB238AB179000BBECD /* SQLite.framework */; };
		7A3647F0238AB1D1000BBECD /* SQLite.framework in Embed Frameworks */ = {isa = PBXBuildFile; fileRef = 7A3647DB238AB179000BBECD /* SQLite.framework */; settings = {ATTRIBUTES = (CodeSignOnCopy, RemoveHeadersOnCopy, ); }; };
		7A3647F5238AB287000BBECD /* BasicModelPage.swift in Sources */ = {isa = PBXBuildFile; fileRef = 7A3647F4238AB287000BBECD /* BasicModelPage.swift */; };
		7A3647F9238AD062000BBECD /* BasicModel.swift in Sources */ = {isa = PBXBuildFile; fileRef = 7A3647F8238AD062000BBECD /* BasicModel.swift */; };
		7A3647FD238C33ED000BBECD /* SwiftyJSONPage.swift in Sources */ = {isa = PBXBuildFile; fileRef = 7A3647FC238C33ED000BBECD /* SwiftyJSONPage.swift */; };
		7A36487623926CC8000BBECD /* StylesPage.swift in Sources */ = {isa = PBXBuildFile; fileRef = 7A36487523926CC8000BBECD /* StylesPage.swift */; };
		7A76EF6323CF17B400350087 /* SQLiteManager.swift in Sources */ = {isa = PBXBuildFile; fileRef = 7A76EF6223CF17B400350087 /* SQLiteManager.swift */; };
		7A782D6B23CF20DA00E09ED0 /* NavViewController.swift in Sources */ = {isa = PBXBuildFile; fileRef = 7A782D6A23CF20D900E09ED0 /* NavViewController.swift */; };
		7A7B5D3C23C05A150079A931 /* ArraysPage.swift in Sources */ = {isa = PBXBuildFile; fileRef = 7A7B5D3B23C05A150079A931 /* ArraysPage.swift */; };
		7A871E7A23CE122A007CCA90 /* TryPage.swift in Sources */ = {isa = PBXBuildFile; fileRef = 7A871E7923CE122A007CCA90 /* TryPage.swift */; };
		7A8A7EAF23D1A7F50067D9C3 /* JoinedModelPage.swift in Sources */ = {isa = PBXBuildFile; fileRef = 7A8A7EAE23D1A7F50067D9C3 /* JoinedModelPage.swift */; };
		7A94609123D1A6AB00936DE7 /* JoinedModel.swift in Sources */ = {isa = PBXBuildFile; fileRef = 7A94609023D1A6AB00936DE7 /* JoinedModel.swift */; };
		7AC3B74323CA2043004DB044 /* TestJSON.json in Resources */ = {isa = PBXBuildFile; fileRef = 7AC3B73F23CA05B3004DB044 /* TestJSON.json */; };
		7AC3B74523CA21D1004DB044 /* ReadData.swift in Sources */ = {isa = PBXBuildFile; fileRef = 7AC3B74423CA21D1004DB044 /* ReadData.swift */; };
		7AC3B74723CA24D5004DB044 /* FileManager.swift in Sources */ = {isa = PBXBuildFile; fileRef = 7AC3B74623CA24D5004DB044 /* FileManager.swift */; };
		7AF5BBBD23C86DBD002464D7 /* UIControlEvent.swift in Sources */ = {isa = PBXBuildFile; fileRef = 7AF5BBBC23C86DBD002464D7 /* UIControlEvent.swift */; };
		7AF9FD8B23CEAEA9009D20B5 /* MMKV.framework in Frameworks */ = {isa = PBXBuildFile; fileRef = 7AF9FD7C23CEAE91009D20B5 /* MMKV.framework */; };
		7AF9FD8C23CEAEA9009D20B5 /* MMKV.framework in Embed Frameworks */ = {isa = PBXBuildFile; fileRef = 7AF9FD7C23CEAE91009D20B5 /* MMKV.framework */; settings = {ATTRIBUTES = (CodeSignOnCopy, RemoveHeadersOnCopy, ); }; };
		7AFF38CF22AF828300AC4958 /* SwiftyJSON.framework in Frameworks */ = {isa = PBXBuildFile; fileRef = 7AFF38C222AF822000AC4958 /* SwiftyJSON.framework */; };
		7AFF38D022AF828300AC4958 /* SwiftyJSON.framework in Embed Frameworks */ = {isa = PBXBuildFile; fileRef = 7AFF38C222AF822000AC4958 /* SwiftyJSON.framework */; settings = {ATTRIBUTES = (CodeSignOnCopy, RemoveHeadersOnCopy, ); }; };
		7AFF38D722AF828300AC4958 /* Alamofire.framework in Frameworks */ = {isa = PBXBuildFile; fileRef = 7AFF38A022AF821800AC4958 /* Alamofire.framework */; };
		7AFF38D822AF828300AC4958 /* Alamofire.framework in Embed Frameworks */ = {isa = PBXBuildFile; fileRef = 7AFF38A022AF821800AC4958 /* Alamofire.framework */; settings = {ATTRIBUTES = (CodeSignOnCopy, RemoveHeadersOnCopy, ); }; };
/* End PBXBuildFile section */

/* Begin PBXContainerItemProxy section */
		7A27507722ABA25B00C8A474 /* PBXContainerItemProxy */ = {
			isa = PBXContainerItemProxy;
			containerPortal = 7A27505A22ABA25600C8A474 /* Project object */;
			proxyType = 1;
			remoteGlobalIDString = 7A27506122ABA25600C8A474;
			remoteInfo = SwiftNotes;
		};
		7A27508222ABA25B00C8A474 /* PBXContainerItemProxy */ = {
			isa = PBXContainerItemProxy;
			containerPortal = 7A27505A22ABA25600C8A474 /* Project object */;
			proxyType = 1;
			remoteGlobalIDString = 7A27506122ABA25600C8A474;
			remoteInfo = SwiftNotes;
		};
		7A3647DA238AB179000BBECD /* PBXContainerItemProxy */ = {
			isa = PBXContainerItemProxy;
			containerPortal = 7A3647C9238AB178000BBECD /* SQLite.xcodeproj */;
			proxyType = 2;
			remoteGlobalIDString = EE247AD31C3F04ED00AE3E12;
			remoteInfo = "SQLite iOS";
		};
		7A3647DC238AB179000BBECD /* PBXContainerItemProxy */ = {
			isa = PBXContainerItemProxy;
			containerPortal = 7A3647C9238AB178000BBECD /* SQLite.xcodeproj */;
			proxyType = 2;
			remoteGlobalIDString = EE247ADD1C3F04ED00AE3E12;
			remoteInfo = "SQLiteTests iOS";
		};
		7A3647DE238AB179000BBECD /* PBXContainerItemProxy */ = {
			isa = PBXContainerItemProxy;
			containerPortal = 7A3647C9238AB178000BBECD /* SQLite.xcodeproj */;
			proxyType = 2;
			remoteGlobalIDString = EE247B3C1C3F3ED000AE3E12;
			remoteInfo = "SQLite Mac";
		};
		7A3647E0238AB179000BBECD /* PBXContainerItemProxy */ = {
			isa = PBXContainerItemProxy;
			containerPortal = 7A3647C9238AB178000BBECD /* SQLite.xcodeproj */;
			proxyType = 2;
			remoteGlobalIDString = EE247B451C3F3ED000AE3E12;
			remoteInfo = "SQLiteTests Mac";
		};
		7A3647E2238AB179000BBECD /* PBXContainerItemProxy */ = {
			isa = PBXContainerItemProxy;
			containerPortal = 7A3647C9238AB178000BBECD /* SQLite.xcodeproj */;
			proxyType = 2;
			remoteGlobalIDString = 03A65E5A1C6BB0F50062603F;
			remoteInfo = "SQLite tvOS";
		};
		7A3647E4238AB179000BBECD /* PBXContainerItemProxy */ = {
			isa = PBXContainerItemProxy;
			containerPortal = 7A3647C9238AB178000BBECD /* SQLite.xcodeproj */;
			proxyType = 2;
			remoteGlobalIDString = 03A65E631C6BB0F60062603F;
			remoteInfo = "SQLiteTests tvOS";
		};
		7A3647E6238AB179000BBECD /* PBXContainerItemProxy */ = {
			isa = PBXContainerItemProxy;
			containerPortal = 7A3647C9238AB178000BBECD /* SQLite.xcodeproj */;
			proxyType = 2;
			remoteGlobalIDString = A121AC451CA35C79005A31D1;
			remoteInfo = "SQLite watchOS";
		};
		7A75C27A23CC430C00F9376D /* PBXContainerItemProxy */ = {
			isa = PBXContainerItemProxy;
			containerPortal = 7A75C26F23CC430B00F9376D /* HandyJSON.xcodeproj */;
			proxyType = 2;
			remoteGlobalIDString = 21520C441D3341B200F53111;
			remoteInfo = "HandyJSON iOS";
		};
		7A75C27C23CC430C00F9376D /* PBXContainerItemProxy */ = {
			isa = PBXContainerItemProxy;
			containerPortal = 7A75C26F23CC430B00F9376D /* HandyJSON.xcodeproj */;
			proxyType = 2;
			remoteGlobalIDString = 21520C5B1D3344A900F53111;
			remoteInfo = HandyJSONDemo;
		};
		7A75C27E23CC430C00F9376D /* PBXContainerItemProxy */ = {
			isa = PBXContainerItemProxy;
			containerPortal = 7A75C26F23CC430B00F9376D /* HandyJSON.xcodeproj */;
			proxyType = 2;
			remoteGlobalIDString = 217B046D1D571B9F0035A8E2;
			remoteInfo = "HandyJSON iOS Tests";
		};
		7A75C28023CC430C00F9376D /* PBXContainerItemProxy */ = {
			isa = PBXContainerItemProxy;
			containerPortal = 7A75C26F23CC430B00F9376D /* HandyJSON.xcodeproj */;
			proxyType = 2;
			remoteGlobalIDString = 393E0F9B1DA1650E00B3BC12;
			remoteInfo = "HandyJSON watchOS";
		};
		7A75C28223CC430C00F9376D /* PBXContainerItemProxy */ = {
			isa = PBXContainerItemProxy;
			containerPortal = 7A75C26F23CC430B00F9376D /* HandyJSON.xcodeproj */;
			proxyType = 2;
			remoteGlobalIDString = 393E0FB11DA2441E00B3BC12;
			remoteInfo = "HandyJSON tvOS";
		};
		7A75C28423CC430C00F9376D /* PBXContainerItemProxy */ = {
			isa = PBXContainerItemProxy;
			containerPortal = 7A75C26F23CC430B00F9376D /* HandyJSON.xcodeproj */;
			proxyType = 2;
			remoteGlobalIDString = 393E0FB91DA2441E00B3BC12;
			remoteInfo = "HandyJSON tvOS Tests";
		};
		7A75C28623CC430C00F9376D /* PBXContainerItemProxy */ = {
			isa = PBXContainerItemProxy;
			containerPortal = 7A75C26F23CC430B00F9376D /* HandyJSON.xcodeproj */;
			proxyType = 2;
			remoteGlobalIDString = 393E0FE11DA2494F00B3BC12;
			remoteInfo = "HandyJSON macOS";
		};
		7A75C28823CC430C00F9376D /* PBXContainerItemProxy */ = {
			isa = PBXContainerItemProxy;
			containerPortal = 7A75C26F23CC430B00F9376D /* HandyJSON.xcodeproj */;
			proxyType = 2;
			remoteGlobalIDString = 393E0FE91DA2494F00B3BC12;
			remoteInfo = "HandyJSON macOS Tests";
		};
		7AF9FD7923CEAE91009D20B5 /* PBXContainerItemProxy */ = {
			isa = PBXContainerItemProxy;
			containerPortal = 7AF9FD6523CEAE91009D20B5 /* MMKV.xcodeproj */;
			proxyType = 2;
			remoteGlobalIDString = CB1FD4912046984F00931B5F;
			remoteInfo = "MMKV Static";
		};
		7AF9FD7B23CEAE91009D20B5 /* PBXContainerItemProxy */ = {
			isa = PBXContainerItemProxy;
			containerPortal = 7AF9FD6523CEAE91009D20B5 /* MMKV.xcodeproj */;
			proxyType = 2;
			remoteGlobalIDString = CBC1A8F620DA946200AD5087;
			remoteInfo = MMKV;
		};
		7AFF389F22AF821800AC4958 /* PBXContainerItemProxy */ = {
			isa = PBXContainerItemProxy;
			containerPortal = 7AFF389422AF821800AC4958 /* Alamofire.xcodeproj */;
			proxyType = 2;
			remoteGlobalIDString = F8111E3319A95C8B0040E7D1;
			remoteInfo = "Alamofire iOS";
		};
		7AFF38A122AF821800AC4958 /* PBXContainerItemProxy */ = {
			isa = PBXContainerItemProxy;
			containerPortal = 7AFF389422AF821800AC4958 /* Alamofire.xcodeproj */;
			proxyType = 2;
			remoteGlobalIDString = F8111E3E19A95C8B0040E7D1;
			remoteInfo = "Alamofire iOS Tests";
		};
		7AFF38A322AF821800AC4958 /* PBXContainerItemProxy */ = {
			isa = PBXContainerItemProxy;
			containerPortal = 7AFF389422AF821800AC4958 /* Alamofire.xcodeproj */;
			proxyType = 2;
			remoteGlobalIDString = 4DD67C0B1A5C55C900ED2280;
			remoteInfo = "Alamofire macOS";
		};
		7AFF38A522AF821800AC4958 /* PBXContainerItemProxy */ = {
			isa = PBXContainerItemProxy;
			containerPortal = 7AFF389422AF821800AC4958 /* Alamofire.xcodeproj */;
			proxyType = 2;
			remoteGlobalIDString = F829C6B21A7A94F100A2CD59;
			remoteInfo = "Alamofire macOS Tests";
		};
		7AFF38A722AF821800AC4958 /* PBXContainerItemProxy */ = {
			isa = PBXContainerItemProxy;
			containerPortal = 7AFF389422AF821800AC4958 /* Alamofire.xcodeproj */;
			proxyType = 2;
			remoteGlobalIDString = 4CF626EF1BA7CB3E0011A099;
			remoteInfo = "Alamofire tvOS";
		};
		7AFF38A922AF821800AC4958 /* PBXContainerItemProxy */ = {
			isa = PBXContainerItemProxy;
			containerPortal = 7AFF389422AF821800AC4958 /* Alamofire.xcodeproj */;
			proxyType = 2;
			remoteGlobalIDString = 4CF626F81BA7CB3E0011A099;
			remoteInfo = "Alamofire tvOS Tests";
		};
		7AFF38AB22AF821800AC4958 /* PBXContainerItemProxy */ = {
			isa = PBXContainerItemProxy;
			containerPortal = 7AFF389422AF821800AC4958 /* Alamofire.xcodeproj */;
			proxyType = 2;
			remoteGlobalIDString = E4202FE01B667AA100C997FB;
			remoteInfo = "Alamofire watchOS";
		};
		7AFF38C122AF822000AC4958 /* PBXContainerItemProxy */ = {
			isa = PBXContainerItemProxy;
			containerPortal = 7AFF38B622AF822000AC4958 /* SwiftyJSON.xcodeproj */;
			proxyType = 2;
			remoteGlobalIDString = 2E4FEFDB19575BE100351305;
			remoteInfo = "SwiftyJSON iOS";
		};
		7AFF38C322AF822000AC4958 /* PBXContainerItemProxy */ = {
			isa = PBXContainerItemProxy;
			containerPortal = 7AFF38B622AF822000AC4958 /* SwiftyJSON.xcodeproj */;
			proxyType = 2;
			remoteGlobalIDString = 2E4FEFE619575BE100351305;
			remoteInfo = "SwiftyJSON iOS Tests";
		};
		7AFF38C522AF822000AC4958 /* PBXContainerItemProxy */ = {
			isa = PBXContainerItemProxy;
			containerPortal = 7AFF38B622AF822000AC4958 /* SwiftyJSON.xcodeproj */;
			proxyType = 2;
			remoteGlobalIDString = 9C7DFC5B1A9102BD005AA3F7;
			remoteInfo = "SwiftyJSON macOS";
		};
		7AFF38C722AF822000AC4958 /* PBXContainerItemProxy */ = {
			isa = PBXContainerItemProxy;
			containerPortal = 7AFF38B622AF822000AC4958 /* SwiftyJSON.xcodeproj */;
			proxyType = 2;
			remoteGlobalIDString = 9C7DFC651A9102BD005AA3F7;
			remoteInfo = "SwiftyJSON macOS Tests";
		};
		7AFF38C922AF822000AC4958 /* PBXContainerItemProxy */ = {
			isa = PBXContainerItemProxy;
			containerPortal = 7AFF38B622AF822000AC4958 /* SwiftyJSON.xcodeproj */;
			proxyType = 2;
			remoteGlobalIDString = E4D7CCE81B9465A700EE7221;
			remoteInfo = "SwiftyJSON watchOS";
		};
		7AFF38CB22AF822000AC4958 /* PBXContainerItemProxy */ = {
			isa = PBXContainerItemProxy;
			containerPortal = 7AFF38B622AF822000AC4958 /* SwiftyJSON.xcodeproj */;
			proxyType = 2;
			remoteGlobalIDString = 7236B4F61BAC14150020529B;
			remoteInfo = "SwiftyJSON tvOS";
		};
		7AFF38CD22AF822000AC4958 /* PBXContainerItemProxy */ = {
			isa = PBXContainerItemProxy;
			containerPortal = 7AFF38B622AF822000AC4958 /* SwiftyJSON.xcodeproj */;
			proxyType = 2;
			remoteGlobalIDString = A8580F741BCF5C5B00DA927B;
			remoteInfo = "SwiftyJSON tvOS Tests";
		};
		7AFF38D122AF828300AC4958 /* PBXContainerItemProxy */ = {
			isa = PBXContainerItemProxy;
			containerPortal = 7AFF38B622AF822000AC4958 /* SwiftyJSON.xcodeproj */;
			proxyType = 1;
			remoteGlobalIDString = 2E4FEFDA19575BE100351305;
			remoteInfo = "SwiftyJSON iOS";
		};
		7AFF38D922AF828300AC4958 /* PBXContainerItemProxy */ = {
			isa = PBXContainerItemProxy;
			containerPortal = 7AFF389422AF821800AC4958 /* Alamofire.xcodeproj */;
			proxyType = 1;
			remoteGlobalIDString = F8111E3219A95C8B0040E7D1;
			remoteInfo = "Alamofire iOS";
		};
/* End PBXContainerItemProxy section */

/* Begin PBXCopyFilesBuildPhase section */
		7A019B7822ABA5580034C5A3 /* Embed Frameworks */ = {
			isa = PBXCopyFilesBuildPhase;
			buildActionMask = 2147483647;
			dstPath = "";
			dstSubfolderSpec = 10;
			files = (
				7AFF38D022AF828300AC4958 /* SwiftyJSON.framework in Embed Frameworks */,
				7A33088B23CC66850021BA5B /* HandyJSON.framework in Embed Frameworks */,
				7AFF38D822AF828300AC4958 /* Alamofire.framework in Embed Frameworks */,
				7A3647F0238AB1D1000BBECD /* SQLite.framework in Embed Frameworks */,
				7AF9FD8C23CEAEA9009D20B5 /* MMKV.framework in Embed Frameworks */,
			);
			name = "Embed Frameworks";
			runOnlyForDeploymentPostprocessing = 0;
		};
/* End PBXCopyFilesBuildPhase section */

/* Begin PBXFileReference section */
		7A0A7BF723CD5E88009F3BF6 /* ImagePage.swift */ = {isa = PBXFileReference; lastKnownFileType = sourcecode.swift; path = ImagePage.swift; sourceTree = "<group>"; };
		7A21610C2389857700D5A93A /* Constant.swift */ = {isa = PBXFileReference; fileEncoding = 4; lastKnownFileType = sourcecode.swift; path = Constant.swift; sourceTree = "<group>"; };
		7A21610D2389857700D5A93A /* SetColorInHex.swift */ = {isa = PBXFileReference; fileEncoding = 4; lastKnownFileType = sourcecode.swift; path = SetColorInHex.swift; sourceTree = "<group>"; };
		7A21610E2389857700D5A93A /* UIKitExtension.swift */ = {isa = PBXFileReference; fileEncoding = 4; lastKnownFileType = sourcecode.swift; path = UIKitExtension.swift; sourceTree = "<group>"; };
		7A2161102389857700D5A93A /* Function.swift */ = {isa = PBXFileReference; fileEncoding = 4; lastKnownFileType = sourcecode.swift; path = Function.swift; sourceTree = "<group>"; };
		7A2161112389857700D5A93A /* SetFrame.swift */ = {isa = PBXFileReference; fileEncoding = 4; lastKnownFileType = sourcecode.swift; path = SetFrame.swift; sourceTree = "<group>"; };
		7A2161122389857700D5A93A /* Mix.swift */ = {isa = PBXFileReference; fileEncoding = 4; lastKnownFileType = sourcecode.swift; path = Mix.swift; sourceTree = "<group>"; };
		7A2161132389857700D5A93A /* Colors.swift */ = {isa = PBXFileReference; fileEncoding = 4; lastKnownFileType = sourcecode.swift; path = Colors.swift; sourceTree = "<group>"; };
		7A2161222389868500D5A93A /* ViewTab.swift */ = {isa = PBXFileReference; fileEncoding = 4; lastKnownFileType = sourcecode.swift; path = ViewTab.swift; sourceTree = "<group>"; };
		7A2161232389868500D5A93A /* ModelTab.swift */ = {isa = PBXFileReference; fileEncoding = 4; lastKnownFileType = sourcecode.swift; path = ModelTab.swift; sourceTree = "<group>"; };
		7A2161242389868500D5A93A /* TestTab.swift */ = {isa = PBXFileReference; fileEncoding = 4; lastKnownFileType = sourcecode.swift; path = TestTab.swift; sourceTree = "<group>"; };
		7A2161252389868500D5A93A /* ControllerTab.swift */ = {isa = PBXFileReference; fileEncoding = 4; lastKnownFileType = sourcecode.swift; path = ControllerTab.swift; sourceTree = "<group>"; };
		7A21612B2389869D00D5A93A /* DecoratorPage.swift */ = {isa = PBXFileReference; fileEncoding = 4; lastKnownFileType = sourcecode.swift; path = DecoratorPage.swift; sourceTree = "<group>"; };
		7A21612C2389869D00D5A93A /* Books.plist */ = {isa = PBXFileReference; fileEncoding = 4; lastKnownFileType = text.plist.xml; path = Books.plist; sourceTree = "<group>"; };
		7A21612D2389869D00D5A93A /* NumberFormatterPage.swift */ = {isa = PBXFileReference; fileEncoding = 4; lastKnownFileType = sourcecode.swift; path = NumberFormatterPage.swift; sourceTree = "<group>"; };
		7A21612E2389869D00D5A93A /* MenuControllerPage.swift */ = {isa = PBXFileReference; fileEncoding = 4; lastKnownFileType = sourcecode.swift; path = MenuControllerPage.swift; sourceTree = "<group>"; };
		7A21612F2389869D00D5A93A /* DelegatePage.swift */ = {isa = PBXFileReference; fileEncoding = 4; lastKnownFileType = sourcecode.swift; path = DelegatePage.swift; sourceTree = "<group>"; };
		7A2161302389869D00D5A93A /* PlistPage.swift */ = {isa = PBXFileReference; fileEncoding = 4; lastKnownFileType = sourcecode.swift; path = PlistPage.swift; sourceTree = "<group>"; };
		7A2161312389869D00D5A93A /* ProtocolPage.swift */ = {isa = PBXFileReference; fileEncoding = 4; lastKnownFileType = sourcecode.swift; path = ProtocolPage.swift; sourceTree = "<group>"; };
		7A216139238986A400D5A93A /* Images.xcassets */ = {isa = PBXFileReference; lastKnownFileType = folder.assetcatalog; path = Images.xcassets; sourceTree = "<group>"; };
		7A21613C238986AA00D5A93A /* TestPage.swift */ = {isa = PBXFileReference; fileEncoding = 4; lastKnownFileType = sourcecode.swift; path = TestPage.swift; sourceTree = "<group>"; };
		7A21613D238986AA00D5A93A /* GeneralSubpage.swift */ = {isa = PBXFileReference; fileEncoding = 4; lastKnownFileType = sourcecode.swift; path = GeneralSubpage.swift; sourceTree = "<group>"; };
		7A216141238986AF00D5A93A /* ButtonPage.swift */ = {isa = PBXFileReference; fileEncoding = 4; lastKnownFileType = sourcecode.swift; path = ButtonPage.swift; sourceTree = "<group>"; };
		7A216142238986AF00D5A93A /* LabelPage.swift */ = {isa = PBXFileReference; fileEncoding = 4; lastKnownFileType = sourcecode.swift; path = LabelPage.swift; sourceTree = "<group>"; };
		7A216143238986AF00D5A93A /* ScrollViewPage.swift */ = {isa = PBXFileReference; fileEncoding = 4; lastKnownFileType = sourcecode.swift; path = ScrollViewPage.swift; sourceTree = "<group>"; };
		7A216144238986AF00D5A93A /* SwitchPage.swift */ = {isa = PBXFileReference; fileEncoding = 4; lastKnownFileType = sourcecode.swift; path = SwitchPage.swift; sourceTree = "<group>"; };
		7A216145238986AF00D5A93A /* SliderPage.swift */ = {isa = PBXFileReference; fileEncoding = 4; lastKnownFileType = sourcecode.swift; path = SliderPage.swift; sourceTree = "<group>"; };
		7A216146238986AF00D5A93A /* TextViewPage.swift */ = {isa = PBXFileReference; fileEncoding = 4; indentWidth = 5; lastKnownFileType = sourcecode.swift; path = TextViewPage.swift; sourceTree = "<group>"; };
		7A216147238986AF00D5A93A /* StackViewPage.swift */ = {isa = PBXFileReference; fileEncoding = 4; lastKnownFileType = sourcecode.swift; path = StackViewPage.swift; sourceTree = "<group>"; };
		7A216148238986AF00D5A93A /* AnimationPage.swift */ = {isa = PBXFileReference; fileEncoding = 4; lastKnownFileType = sourcecode.swift; path = AnimationPage.swift; sourceTree = "<group>"; };
		7A216149238986AF00D5A93A /* WebViewPage.swift */ = {isa = PBXFileReference; fileEncoding = 4; lastKnownFileType = sourcecode.swift; path = WebViewPage.swift; sourceTree = "<group>"; };
		7A21614A238986AF00D5A93A /* DatePickerPage.swift */ = {isa = PBXFileReference; fileEncoding = 4; lastKnownFileType = sourcecode.swift; path = DatePickerPage.swift; sourceTree = "<group>"; };
		7A21614B238986AF00D5A93A /* PageControlPage.swift */ = {isa = PBXFileReference; fileEncoding = 4; lastKnownFileType = sourcecode.swift; path = PageControlPage.swift; sourceTree = "<group>"; };
		7A21614C238986AF00D5A93A /* TableViewPage.swift */ = {isa = PBXFileReference; fileEncoding = 4; lastKnownFileType = sourcecode.swift; path = TableViewPage.swift; sourceTree = "<group>"; };
		7A21614D238986AF00D5A93A /* TextFieldPage.swift */ = {isa = PBXFileReference; fileEncoding = 4; lastKnownFileType = sourcecode.swift; path = TextFieldPage.swift; sourceTree = "<group>"; };
		7A21614E238986AF00D5A93A /* ViewPage.swift */ = {isa = PBXFileReference; fileEncoding = 4; lastKnownFileType = sourcecode.swift; path = ViewPage.swift; sourceTree = "<group>"; };
		7A21614F238986AF00D5A93A /* SegmentControlPage.swift */ = {isa = PBXFileReference; fileEncoding = 4; lastKnownFileType = sourcecode.swift; path = SegmentControlPage.swift; sourceTree = "<group>"; };
		7A216150238986AF00D5A93A /* StepperPage.swift */ = {isa = PBXFileReference; fileEncoding = 4; lastKnownFileType = sourcecode.swift; path = StepperPage.swift; sourceTree = "<group>"; };
		7A216151238986AF00D5A93A /* PickerViewPage.swift */ = {isa = PBXFileReference; fileEncoding = 4; lastKnownFileType = sourcecode.swift; path = PickerViewPage.swift; sourceTree = "<group>"; };
		7A216152238986AF00D5A93A /* ImageViewPage.swift */ = {isa = PBXFileReference; fileEncoding = 4; lastKnownFileType = sourcecode.swift; path = ImageViewPage.swift; sourceTree = "<group>"; };
		7A216165238986E800D5A93A /* SwiftNotes-Bridging-Header.h */ = {isa = PBXFileReference; lastKnownFileType = sourcecode.c.h; path = "SwiftNotes-Bridging-Header.h"; sourceTree = "<group>"; };
		7A27506222ABA25600C8A474 /* SwiftNotes.app */ = {isa = PBXFileReference; explicitFileType = wrapper.application; includeInIndex = 0; path = SwiftNotes.app; sourceTree = BUILT_PRODUCTS_DIR; };
		7A27506522ABA25600C8A474 /* AppDelegate.swift */ = {isa = PBXFileReference; lastKnownFileType = sourcecode.swift; path = AppDelegate.swift; sourceTree = "<group>"; };
		7A27506A22ABA25600C8A474 /* Base */ = {isa = PBXFileReference; lastKnownFileType = file.storyboard; name = Base; path = Base.lproj/Main.storyboard; sourceTree = "<group>"; };
		7A27506C22ABA25A00C8A474 /* Assets.xcassets */ = {isa = PBXFileReference; lastKnownFileType = folder.assetcatalog; path = Assets.xcassets; sourceTree = "<group>"; };
		7A27506F22ABA25A00C8A474 /* Base */ = {isa = PBXFileReference; lastKnownFileType = file.storyboard; name = Base; path = Base.lproj/LaunchScreen.storyboard; sourceTree = "<group>"; };
		7A27507122ABA25A00C8A474 /* Info.plist */ = {isa = PBXFileReference; lastKnownFileType = text.plist.xml; path = Info.plist; sourceTree = "<group>"; };
		7A27507622ABA25B00C8A474 /* SwiftNotesTests.xctest */ = {isa = PBXFileReference; explicitFileType = wrapper.cfbundle; includeInIndex = 0; path = SwiftNotesTests.xctest; sourceTree = BUILT_PRODUCTS_DIR; };
		7A27507A22ABA25B00C8A474 /* SwiftNotesTests.swift */ = {isa = PBXFileReference; lastKnownFileType = sourcecode.swift; path = SwiftNotesTests.swift; sourceTree = "<group>"; };
		7A27507C22ABA25B00C8A474 /* Info.plist */ = {isa = PBXFileReference; lastKnownFileType = text.plist.xml; path = Info.plist; sourceTree = "<group>"; };
		7A27508122ABA25B00C8A474 /* SwiftNotesUITests.xctest */ = {isa = PBXFileReference; explicitFileType = wrapper.cfbundle; includeInIndex = 0; path = SwiftNotesUITests.xctest; sourceTree = BUILT_PRODUCTS_DIR; };
		7A27508522ABA25B00C8A474 /* SwiftNotesUITests.swift */ = {isa = PBXFileReference; lastKnownFileType = sourcecode.swift; path = SwiftNotesUITests.swift; sourceTree = "<group>"; };
		7A27508722ABA25B00C8A474 /* Info.plist */ = {isa = PBXFileReference; lastKnownFileType = text.plist.xml; path = Info.plist; sourceTree = "<group>"; };
		7A31324E2392A6680008298C /* ClassPage.swift */ = {isa = PBXFileReference; lastKnownFileType = sourcecode.swift; path = ClassPage.swift; sourceTree = "<group>"; };
		7A33086823CC48A30021BA5B /* RequestPage.swift */ = {isa = PBXFileReference; lastKnownFileType = sourcecode.swift; path = RequestPage.swift; sourceTree = "<group>"; };
		7A3308BE23CC67360021BA5B /* HandyJSONPage.swift */ = {isa = PBXFileReference; lastKnownFileType = sourcecode.swift; path = HandyJSONPage.swift; sourceTree = "<group>"; };
		7A3308C223CC6DAD0021BA5B /* Styles.swift */ = {isa = PBXFileReference; fileEncoding = 4; lastKnownFileType = sourcecode.swift; path = Styles.swift; sourceTree = "<group>"; };
		7A3647C9238AB178000BBECD /* SQLite.xcodeproj */ = {isa = PBXFileReference; lastKnownFileType = "wrapper.pb-project"; name = SQLite.xcodeproj; path = "SQLite.swift-master/SQLite.xcodeproj"; sourceTree = "<group>"; };
		7A3647F4238AB287000BBECD /* BasicModelPage.swift */ = {isa = PBXFileReference; lastKnownFileType = sourcecode.swift; path = BasicModelPage.swift; sourceTree = "<group>"; };
		7A3647F8238AD062000BBECD /* BasicModel.swift */ = {isa = PBXFileReference; lastKnownFileType = sourcecode.swift; path = BasicModel.swift; sourceTree = "<group>"; };
		7A3647FC238C33ED000BBECD /* SwiftyJSONPage.swift */ = {isa = PBXFileReference; lastKnownFileType = sourcecode.swift; path = SwiftyJSONPage.swift; sourceTree = "<group>"; };
		7A36487523926CC8000BBECD /* StylesPage.swift */ = {isa = PBXFileReference; lastKnownFileType = sourcecode.swift; path = StylesPage.swift; sourceTree = "<group>"; };
		7A75C26F23CC430B00F9376D /* HandyJSON.xcodeproj */ = {isa = PBXFileReference; lastKnownFileType = "wrapper.pb-project"; name = HandyJSON.xcodeproj; path = "HandyJSON-master/HandyJSON.xcodeproj"; sourceTree = "<group>"; };
		7A76EF6223CF17B400350087 /* SQLiteManager.swift */ = {isa = PBXFileReference; lastKnownFileType = sourcecode.swift; path = SQLiteManager.swift; sourceTree = "<group>"; };
		7A782D6A23CF20D900E09ED0 /* NavViewController.swift */ = {isa = PBXFileReference; fileEncoding = 4; lastKnownFileType = sourcecode.swift; path = NavViewController.swift; sourceTree = "<group>"; };
		7A7B5D3B23C05A150079A931 /* ArraysPage.swift */ = {isa = PBXFileReference; lastKnownFileType = sourcecode.swift; path = ArraysPage.swift; sourceTree = "<group>"; };
		7A871E7923CE122A007CCA90 /* TryPage.swift */ = {isa = PBXFileReference; lastKnownFileType = sourcecode.swift; path = TryPage.swift; sourceTree = "<group>"; };
		7A8A7EAE23D1A7F50067D9C3 /* JoinedModelPage.swift */ = {isa = PBXFileReference; lastKnownFileType = sourcecode.swift; path = JoinedModelPage.swift; sourceTree = "<group>"; };
		7A94609023D1A6AB00936DE7 /* JoinedModel.swift */ = {isa = PBXFileReference; lastKnownFileType = sourcecode.swift; path = JoinedModel.swift; sourceTree = "<group>"; };
		7AC3B73F23CA05B3004DB044 /* TestJSON.json */ = {isa = PBXFileReference; lastKnownFileType = text.json; path = TestJSON.json; sourceTree = "<group>"; };
		7AC3B74423CA21D1004DB044 /* ReadData.swift */ = {isa = PBXFileReference; lastKnownFileType = sourcecode.swift; path = ReadData.swift; sourceTree = "<group>"; };
		7AC3B74623CA24D5004DB044 /* FileManager.swift */ = {isa = PBXFileReference; lastKnownFileType = sourcecode.swift; path = FileManager.swift; sourceTree = "<group>"; };
		7AF5BBBC23C86DBD002464D7 /* UIControlEvent.swift */ = {isa = PBXFileReference; lastKnownFileType = sourcecode.swift; path = UIControlEvent.swift; sourceTree = "<group>"; };
		7AF9FD6523CEAE91009D20B5 /* MMKV.xcodeproj */ = {isa = PBXFileReference; lastKnownFileType = "wrapper.pb-project"; name = MMKV.xcodeproj; path = MMKV/iOS/MMKV/MMKV.xcodeproj; sourceTree = "<group>"; };
		7AFF389422AF821800AC4958 /* Alamofire.xcodeproj */ = {isa = PBXFileReference; lastKnownFileType = "wrapper.pb-project"; name = Alamofire.xcodeproj; path = "Alamofire-alamofire5/Alamofire.xcodeproj"; sourceTree = "<group>"; };
		7AFF38B622AF822000AC4958 /* SwiftyJSON.xcodeproj */ = {isa = PBXFileReference; lastKnownFileType = "wrapper.pb-project"; name = SwiftyJSON.xcodeproj; path = "SwiftyJSON-master/SwiftyJSON.xcodeproj"; sourceTree = "<group>"; };
/* End PBXFileReference section */

/* Begin PBXFrameworksBuildPhase section */
		7A27505F22ABA25600C8A474 /* Frameworks */ = {
			isa = PBXFrameworksBuildPhase;
			buildActionMask = 2147483647;
			files = (
				7AFF38CF22AF828300AC4958 /* SwiftyJSON.framework in Frameworks */,
				7A33088A23CC66850021BA5B /* HandyJSON.framework in Frameworks */,
				7AFF38D722AF828300AC4958 /* Alamofire.framework in Frameworks */,
				7A3647EF238AB1D1000BBECD /* SQLite.framework in Frameworks */,
				7AF9FD8B23CEAEA9009D20B5 /* MMKV.framework in Frameworks */,
			);
			runOnlyForDeploymentPostprocessing = 0;
		};
		7A27507322ABA25B00C8A474 /* Frameworks */ = {
			isa = PBXFrameworksBuildPhase;
			buildActionMask = 2147483647;
			files = (
			);
			runOnlyForDeploymentPostprocessing = 0;
		};
		7A27507E22ABA25B00C8A474 /* Frameworks */ = {
			isa = PBXFrameworksBuildPhase;
			buildActionMask = 2147483647;
			files = (
			);
			runOnlyForDeploymentPostprocessing = 0;
		};
/* End PBXFrameworksBuildPhase section */

/* Begin PBXGroup section */
		7A019B2322ABA46E0034C5A3 /* Libraries */ = {
			isa = PBXGroup;
			children = (
				7AF9FD6523CEAE91009D20B5 /* MMKV.xcodeproj */,
				7A75C26F23CC430B00F9376D /* HandyJSON.xcodeproj */,
				7A3647C9238AB178000BBECD /* SQLite.xcodeproj */,
				7AFF38B622AF822000AC4958 /* SwiftyJSON.xcodeproj */,
				7AFF389422AF821800AC4958 /* Alamofire.xcodeproj */,
			);
			path = Libraries;
			sourceTree = "<group>";
		};
		7A21610B2389855300D5A93A /* General */ = {
			isa = PBXGroup;
			children = (
				7A2161132389857700D5A93A /* Colors.swift */,
				7A21610C2389857700D5A93A /* Constant.swift */,
				7AC3B74623CA24D5004DB044 /* FileManager.swift */,
				7A2161102389857700D5A93A /* Function.swift */,
				7A2161122389857700D5A93A /* Mix.swift */,
				7A782D6A23CF20D900E09ED0 /* NavViewController.swift */,
				7A2161112389857700D5A93A /* SetFrame.swift */,
				7A21610D2389857700D5A93A /* SetColorInHex.swift */,
				7A76EF6223CF17B400350087 /* SQLiteManager.swift */,
				7A3308C223CC6DAD0021BA5B /* Styles.swift */,
				7A21610E2389857700D5A93A /* UIKitExtension.swift */,
			);
			path = General;
			sourceTree = "<group>";
		};
		7A21612A2389869D00D5A93A /* Controller */ = {
			isa = PBXGroup;
			children = (
				7A2161252389868500D5A93A /* ControllerTab.swift */,
				7AFED65C23C97C8F0079456D /* ControlllerCells */,
				7AC3B73C23CA04D9004DB044 /* ControllerSupports */,
				7AFED64723C97C770079456D /* ControllerNotes */,
			);
			path = Controller;
			sourceTree = "<group>";
		};
		7A21613B238986AA00D5A93A /* LearningPage */ = {
			isa = PBXGroup;
			children = (
				7A21613C238986AA00D5A93A /* TestPage.swift */,
				7A21613D238986AA00D5A93A /* GeneralSubpage.swift */,
			);
			path = LearningPage;
			sourceTree = "<group>";
		};
		7A216140238986AF00D5A93A /* View */ = {
			isa = PBXGroup;
			children = (
				7A2161222389868500D5A93A /* ViewTab.swift */,
				7AC3B73E23CA057E004DB044 /* ViewCells */,
				7AC3B74023CA05E4004DB044 /* ViewSupports */,
				7AC3B74123CA05EE004DB044 /* ViewNotes */,
			);
			path = View;
			sourceTree = "<group>";
		};
		7A27505922ABA25600C8A474 = {
			isa = PBXGroup;
			children = (
				7A27506422ABA25600C8A474 /* SwiftNotes */,
				7A019B2322ABA46E0034C5A3 /* Libraries */,
				7A21610B2389855300D5A93A /* General */,
				7A27507922ABA25B00C8A474 /* SwiftNotesTests */,
				7A27508422ABA25B00C8A474 /* SwiftNotesUITests */,
				7A27506322ABA25600C8A474 /* Products */,
				7A33088923CC66850021BA5B /* Frameworks */,
			);
			sourceTree = "<group>";
		};
		7A27506322ABA25600C8A474 /* Products */ = {
			isa = PBXGroup;
			children = (
				7A27506222ABA25600C8A474 /* SwiftNotes.app */,
				7A27507622ABA25B00C8A474 /* SwiftNotesTests.xctest */,
				7A27508122ABA25B00C8A474 /* SwiftNotesUITests.xctest */,
			);
			name = Products;
			sourceTree = "<group>";
		};
		7A27506422ABA25600C8A474 /* SwiftNotes */ = {
			isa = PBXGroup;
			children = (
				7A27506522ABA25600C8A474 /* AppDelegate.swift */,
				7A2161242389868500D5A93A /* TestTab.swift */,
				7A216140238986AF00D5A93A /* View */,
				7A21612A2389869D00D5A93A /* Controller */,
				7A3647F3238AB268000BBECD /* Model */,
				7A21613B238986AA00D5A93A /* LearningPage */,
				7A27506922ABA25600C8A474 /* Main.storyboard */,
				7A27506C22ABA25A00C8A474 /* Assets.xcassets */,
				7A216139238986A400D5A93A /* Images.xcassets */,
				7A216165238986E800D5A93A /* SwiftNotes-Bridging-Header.h */,
				7A27506E22ABA25A00C8A474 /* LaunchScreen.storyboard */,
				7A27507122ABA25A00C8A474 /* Info.plist */,
			);
			path = SwiftNotes;
			sourceTree = "<group>";
		};
		7A27507922ABA25B00C8A474 /* SwiftNotesTests */ = {
			isa = PBXGroup;
			children = (
				7A27507A22ABA25B00C8A474 /* SwiftNotesTests.swift */,
				7A27507C22ABA25B00C8A474 /* Info.plist */,
			);
			path = SwiftNotesTests;
			sourceTree = "<group>";
		};
		7A27508422ABA25B00C8A474 /* SwiftNotesUITests */ = {
			isa = PBXGroup;
			children = (
				7A27508522ABA25B00C8A474 /* SwiftNotesUITests.swift */,
				7A27508722ABA25B00C8A474 /* Info.plist */,
			);
			path = SwiftNotesUITests;
			sourceTree = "<group>";
		};
		7A33088923CC66850021BA5B /* Frameworks */ = {
			isa = PBXGroup;
			children = (
			);
			name = Frameworks;
			sourceTree = "<group>";
		};
		7A3647CA238AB178000BBECD /* Products */ = {
			isa = PBXGroup;
			children = (
				7A3647DB238AB179000BBECD /* SQLite.framework */,
				7A3647DD238AB179000BBECD /* SQLiteTests iOS.xctest */,
				7A3647DF238AB179000BBECD /* SQLite.framework */,
				7A3647E1238AB179000BBECD /* SQLiteTests Mac.xctest */,
				7A3647E3238AB179000BBECD /* SQLite.framework */,
				7A3647E5238AB179000BBECD /* SQLiteTests tvOS.xctest */,
				7A3647E7238AB179000BBECD /* SQLite.framework */,
			);
			name = Products;
			sourceTree = "<group>";
		};
		7A3647F3238AB268000BBECD /* Model */ = {
			isa = PBXGroup;
			children = (
				7A2161232389868500D5A93A /* ModelTab.swift */,
				7AC3B73A23CA04AF004DB044 /* ModelCells */,
				7AC3B73B23CA04C5004DB044 /* ModelSupports */,
				7AC3B73D23CA0503004DB044 /* ModelNotes */,
			);
			path = Model;
			sourceTree = "<group>";
		};
		7A75C27023CC430B00F9376D /* Products */ = {
			isa = PBXGroup;
			children = (
				7A75C27B23CC430C00F9376D /* HandyJSON.framework */,
				7A75C27D23CC430C00F9376D /* HandyJSONDemo.app */,
				7A75C27F23CC430C00F9376D /* HandyJSON iOS Tests.xctest */,
				7A75C28123CC430C00F9376D /* HandyJSON.framework */,
				7A75C28323CC430C00F9376D /* HandyJSON.framework */,
				7A75C28523CC430C00F9376D /* HandyJSON tvOS Tests.xctest */,
				7A75C28723CC430C00F9376D /* HandyJSON.framework */,
				7A75C28923CC430C00F9376D /* HandyJSON macOS Tests.xctest */,
			);
			name = Products;
			sourceTree = "<group>";
		};
		7AC3B73A23CA04AF004DB044 /* ModelCells */ = {
			isa = PBXGroup;
			children = (
				7A3647F4238AB287000BBECD /* BasicModelPage.swift */,
				7A8A7EAE23D1A7F50067D9C3 /* JoinedModelPage.swift */,
				7A3647FC238C33ED000BBECD /* SwiftyJSONPage.swift */,
				7A3308BE23CC67360021BA5B /* HandyJSONPage.swift */,
				7A7B5D3B23C05A150079A931 /* ArraysPage.swift */,
				7A33086823CC48A30021BA5B /* RequestPage.swift */,
			);
			path = ModelCells;
			sourceTree = "<group>";
		};
		7AC3B73B23CA04C5004DB044 /* ModelSupports */ = {
			isa = PBXGroup;
			children = (
				7A3647F8238AD062000BBECD /* BasicModel.swift */,
				7A94609023D1A6AB00936DE7 /* JoinedModel.swift */,
				7AC3B73F23CA05B3004DB044 /* TestJSON.json */,
			);
			path = ModelSupports;
			sourceTree = "<group>";
		};
		7AC3B73C23CA04D9004DB044 /* ControllerSupports */ = {
			isa = PBXGroup;
			children = (
				7A21612C2389869D00D5A93A /* Books.plist */,
			);
			path = ControllerSupports;
			sourceTree = "<group>";
		};
		7AC3B73D23CA0503004DB044 /* ModelNotes */ = {
			isa = PBXGroup;
			children = (
				7AC3B74423CA21D1004DB044 /* ReadData.swift */,
			);
			path = ModelNotes;
			sourceTree = "<group>";
		};
		7AC3B73E23CA057E004DB044 /* ViewCells */ = {
			isa = PBXGroup;
			children = (
				7A216141238986AF00D5A93A /* ButtonPage.swift */,
				7A21614A238986AF00D5A93A /* DatePickerPage.swift */,
				7A0A7BF723CD5E88009F3BF6 /* ImagePage.swift */,
				7A216152238986AF00D5A93A /* ImageViewPage.swift */,
				7A216142238986AF00D5A93A /* LabelPage.swift */,
				7A21614B238986AF00D5A93A /* PageControlPage.swift */,
				7A216151238986AF00D5A93A /* PickerViewPage.swift */,
				7A216143238986AF00D5A93A /* ScrollViewPage.swift */,
				7A21614F238986AF00D5A93A /* SegmentControlPage.swift */,
				7A216145238986AF00D5A93A /* SliderPage.swift */,
				7A216150238986AF00D5A93A /* StepperPage.swift */,
				7A216147238986AF00D5A93A /* StackViewPage.swift */,
				7A216144238986AF00D5A93A /* SwitchPage.swift */,
				7A21614C238986AF00D5A93A /* TableViewPage.swift */,
				7A21614D238986AF00D5A93A /* TextFieldPage.swift */,
				7A216146238986AF00D5A93A /* TextViewPage.swift */,
				7A21614E238986AF00D5A93A /* ViewPage.swift */,
				7A216149238986AF00D5A93A /* WebViewPage.swift */,
				7A216148238986AF00D5A93A /* AnimationPage.swift */,
				7A36487523926CC8000BBECD /* StylesPage.swift */,
			);
			path = ViewCells;
			sourceTree = "<group>";
		};
		7AC3B74023CA05E4004DB044 /* ViewSupports */ = {
			isa = PBXGroup;
			children = (
			);
			path = ViewSupports;
			sourceTree = "<group>";
		};
		7AC3B74123CA05EE004DB044 /* ViewNotes */ = {
			isa = PBXGroup;
			children = (
			);
			path = ViewNotes;
			sourceTree = "<group>";
		};
		7AF9FD6623CEAE91009D20B5 /* Products */ = {
			isa = PBXGroup;
			children = (
				7AF9FD7A23CEAE91009D20B5 /* libMMKV Static.a */,
				7AF9FD7C23CEAE91009D20B5 /* MMKV.framework */,
			);
			name = Products;
			sourceTree = "<group>";
		};
		7AFED64723C97C770079456D /* ControllerNotes */ = {
			isa = PBXGroup;
			children = (
				7AF5BBBC23C86DBD002464D7 /* UIControlEvent.swift */,
			);
			path = ControllerNotes;
			sourceTree = "<group>";
		};
		7AFED65C23C97C8F0079456D /* ControlllerCells */ = {
			isa = PBXGroup;
			children = (
				7A21612B2389869D00D5A93A /* DecoratorPage.swift */,
				7A21612D2389869D00D5A93A /* NumberFormatterPage.swift */,
				7A21612E2389869D00D5A93A /* MenuControllerPage.swift */,
				7A21612F2389869D00D5A93A /* DelegatePage.swift */,
				7A2161302389869D00D5A93A /* PlistPage.swift */,
				7A2161312389869D00D5A93A /* ProtocolPage.swift */,
				7A871E7923CE122A007CCA90 /* TryPage.swift */,
				7A31324E2392A6680008298C /* ClassPage.swift */,
			);
			path = ControlllerCells;
			sourceTree = "<group>";
		};
		7AFF389522AF821800AC4958 /* Products */ = {
			isa = PBXGroup;
			children = (
				7AFF38A022AF821800AC4958 /* Alamofire.framework */,
				7AFF38A222AF821800AC4958 /* Alamofire iOS Tests.xctest */,
				7AFF38A422AF821800AC4958 /* Alamofire.framework */,
				7AFF38A622AF821800AC4958 /* Alamofire macOS Tests.xctest */,
				7AFF38A822AF821800AC4958 /* Alamofire.framework */,
				7AFF38AA22AF821800AC4958 /* Alamofire tvOS Tests.xctest */,
				7AFF38AC22AF821800AC4958 /* Alamofire.framework */,
			);
			name = Products;
			sourceTree = "<group>";
		};
		7AFF38B722AF822000AC4958 /* Products */ = {
			isa = PBXGroup;
			children = (
				7AFF38C222AF822000AC4958 /* SwiftyJSON.framework */,
				7AFF38C422AF822000AC4958 /* SwiftyJSON iOS Tests.xctest */,
				7AFF38C622AF822000AC4958 /* SwiftyJSON.framework */,
				7AFF38C822AF822000AC4958 /* SwiftyJSON macOS Tests.xctest */,
				7AFF38CA22AF822000AC4958 /* SwiftyJSON.framework */,
				7AFF38CC22AF822000AC4958 /* SwiftyJSON.framework */,
				7AFF38CE22AF822000AC4958 /* SwiftyJSON tvOS Tests.xctest */,
			);
			name = Products;
			sourceTree = "<group>";
		};
/* End PBXGroup section */

/* Begin PBXNativeTarget section */
		7A27506122ABA25600C8A474 /* SwiftNotes */ = {
			isa = PBXNativeTarget;
			buildConfigurationList = 7A27508A22ABA25B00C8A474 /* Build configuration list for PBXNativeTarget "SwiftNotes" */;
			buildPhases = (
				7A27505E22ABA25600C8A474 /* Sources */,
				7A27505F22ABA25600C8A474 /* Frameworks */,
				7A27506022ABA25600C8A474 /* Resources */,
				7A019B7822ABA5580034C5A3 /* Embed Frameworks */,
			);
			buildRules = (
			);
			dependencies = (
				7AFF38D222AF828300AC4958 /* PBXTargetDependency */,
				7AFF38DA22AF828300AC4958 /* PBXTargetDependency */,
			);
			name = SwiftNotes;
			productName = SwiftNotes;
			productReference = 7A27506222ABA25600C8A474 /* SwiftNotes.app */;
			productType = "com.apple.product-type.application";
		};
		7A27507522ABA25B00C8A474 /* SwiftNotesTests */ = {
			isa = PBXNativeTarget;
			buildConfigurationList = 7A27508D22ABA25B00C8A474 /* Build configuration list for PBXNativeTarget "SwiftNotesTests" */;
			buildPhases = (
				7A27507222ABA25B00C8A474 /* Sources */,
				7A27507322ABA25B00C8A474 /* Frameworks */,
				7A27507422ABA25B00C8A474 /* Resources */,
			);
			buildRules = (
			);
			dependencies = (
				7A27507822ABA25B00C8A474 /* PBXTargetDependency */,
			);
			name = SwiftNotesTests;
			productName = SwiftNotesTests;
			productReference = 7A27507622ABA25B00C8A474 /* SwiftNotesTests.xctest */;
			productType = "com.apple.product-type.bundle.unit-test";
		};
		7A27508022ABA25B00C8A474 /* SwiftNotesUITests */ = {
			isa = PBXNativeTarget;
			buildConfigurationList = 7A27509022ABA25B00C8A474 /* Build configuration list for PBXNativeTarget "SwiftNotesUITests" */;
			buildPhases = (
				7A27507D22ABA25B00C8A474 /* Sources */,
				7A27507E22ABA25B00C8A474 /* Frameworks */,
				7A27507F22ABA25B00C8A474 /* Resources */,
			);
			buildRules = (
			);
			dependencies = (
				7A27508322ABA25B00C8A474 /* PBXTargetDependency */,
			);
			name = SwiftNotesUITests;
			productName = SwiftNotesUITests;
			productReference = 7A27508122ABA25B00C8A474 /* SwiftNotesUITests.xctest */;
			productType = "com.apple.product-type.bundle.ui-testing";
		};
/* End PBXNativeTarget section */

/* Begin PBXProject section */
		7A27505A22ABA25600C8A474 /* Project object */ = {
			isa = PBXProject;
			attributes = {
				LastSwiftUpdateCheck = 1020;
				LastUpgradeCheck = 1020;
				ORGANIZATIONNAME = GinsMac;
				TargetAttributes = {
					7A27506122ABA25600C8A474 = {
						CreatedOnToolsVersion = 10.2.1;
					};
					7A27507522ABA25B00C8A474 = {
						CreatedOnToolsVersion = 10.2.1;
						TestTargetID = 7A27506122ABA25600C8A474;
					};
					7A27508022ABA25B00C8A474 = {
						CreatedOnToolsVersion = 10.2.1;
						TestTargetID = 7A27506122ABA25600C8A474;
					};
				};
			};
			buildConfigurationList = 7A27505D22ABA25600C8A474 /* Build configuration list for PBXProject "SwiftNotes" */;
			compatibilityVersion = "Xcode 9.3";
			developmentRegion = en;
			hasScannedForEncodings = 0;
			knownRegions = (
				en,
				Base,
			);
			mainGroup = 7A27505922ABA25600C8A474;
			productRefGroup = 7A27506322ABA25600C8A474 /* Products */;
			projectDirPath = "";
			projectReferences = (
				{
					ProductGroup = 7AFF389522AF821800AC4958 /* Products */;
					ProjectRef = 7AFF389422AF821800AC4958 /* Alamofire.xcodeproj */;
				},
				{
					ProductGroup = 7A75C27023CC430B00F9376D /* Products */;
					ProjectRef = 7A75C26F23CC430B00F9376D /* HandyJSON.xcodeproj */;
				},
				{
					ProductGroup = 7AF9FD6623CEAE91009D20B5 /* Products */;
					ProjectRef = 7AF9FD6523CEAE91009D20B5 /* MMKV.xcodeproj */;
				},
				{
					ProductGroup = 7A3647CA238AB178000BBECD /* Products */;
					ProjectRef = 7A3647C9238AB178000BBECD /* SQLite.xcodeproj */;
				},
				{
					ProductGroup = 7AFF38B722AF822000AC4958 /* Products */;
					ProjectRef = 7AFF38B622AF822000AC4958 /* SwiftyJSON.xcodeproj */;
				},
			);
			projectRoot = "";
			targets = (
				7A27506122ABA25600C8A474 /* SwiftNotes */,
				7A27507522ABA25B00C8A474 /* SwiftNotesTests */,
				7A27508022ABA25B00C8A474 /* SwiftNotesUITests */,
			);
		};
/* End PBXProject section */

/* Begin PBXReferenceProxy section */
		7A3647DB238AB179000BBECD /* SQLite.framework */ = {
			isa = PBXReferenceProxy;
			fileType = wrapper.framework;
			path = SQLite.framework;
			remoteRef = 7A3647DA238AB179000BBECD /* PBXContainerItemProxy */;
			sourceTree = BUILT_PRODUCTS_DIR;
		};
		7A3647DD238AB179000BBECD /* SQLiteTests iOS.xctest */ = {
			isa = PBXReferenceProxy;
			fileType = wrapper.cfbundle;
			path = "SQLiteTests iOS.xctest";
			remoteRef = 7A3647DC238AB179000BBECD /* PBXContainerItemProxy */;
			sourceTree = BUILT_PRODUCTS_DIR;
		};
		7A3647DF238AB179000BBECD /* SQLite.framework */ = {
			isa = PBXReferenceProxy;
			fileType = wrapper.framework;
			path = SQLite.framework;
			remoteRef = 7A3647DE238AB179000BBECD /* PBXContainerItemProxy */;
			sourceTree = BUILT_PRODUCTS_DIR;
		};
		7A3647E1238AB179000BBECD /* SQLiteTests Mac.xctest */ = {
			isa = PBXReferenceProxy;
			fileType = wrapper.cfbundle;
			path = "SQLiteTests Mac.xctest";
			remoteRef = 7A3647E0238AB179000BBECD /* PBXContainerItemProxy */;
			sourceTree = BUILT_PRODUCTS_DIR;
		};
		7A3647E3238AB179000BBECD /* SQLite.framework */ = {
			isa = PBXReferenceProxy;
			fileType = wrapper.framework;
			path = SQLite.framework;
			remoteRef = 7A3647E2238AB179000BBECD /* PBXContainerItemProxy */;
			sourceTree = BUILT_PRODUCTS_DIR;
		};
		7A3647E5238AB179000BBECD /* SQLiteTests tvOS.xctest */ = {
			isa = PBXReferenceProxy;
			fileType = wrapper.cfbundle;
			path = "SQLiteTests tvOS.xctest";
			remoteRef = 7A3647E4238AB179000BBECD /* PBXContainerItemProxy */;
			sourceTree = BUILT_PRODUCTS_DIR;
		};
		7A3647E7238AB179000BBECD /* SQLite.framework */ = {
			isa = PBXReferenceProxy;
			fileType = wrapper.framework;
			path = SQLite.framework;
			remoteRef = 7A3647E6238AB179000BBECD /* PBXContainerItemProxy */;
			sourceTree = BUILT_PRODUCTS_DIR;
		};
		7A75C27B23CC430C00F9376D /* HandyJSON.framework */ = {
			isa = PBXReferenceProxy;
			fileType = wrapper.framework;
			path = HandyJSON.framework;
			remoteRef = 7A75C27A23CC430C00F9376D /* PBXContainerItemProxy */;
			sourceTree = BUILT_PRODUCTS_DIR;
		};
		7A75C27D23CC430C00F9376D /* HandyJSONDemo.app */ = {
			isa = PBXReferenceProxy;
			fileType = wrapper.application;
			path = HandyJSONDemo.app;
			remoteRef = 7A75C27C23CC430C00F9376D /* PBXContainerItemProxy */;
			sourceTree = BUILT_PRODUCTS_DIR;
		};
		7A75C27F23CC430C00F9376D /* HandyJSON iOS Tests.xctest */ = {
			isa = PBXReferenceProxy;
			fileType = wrapper.cfbundle;
			path = "HandyJSON iOS Tests.xctest";
			remoteRef = 7A75C27E23CC430C00F9376D /* PBXContainerItemProxy */;
			sourceTree = BUILT_PRODUCTS_DIR;
		};
		7A75C28123CC430C00F9376D /* HandyJSON.framework */ = {
			isa = PBXReferenceProxy;
			fileType = wrapper.framework;
			path = HandyJSON.framework;
			remoteRef = 7A75C28023CC430C00F9376D /* PBXContainerItemProxy */;
			sourceTree = BUILT_PRODUCTS_DIR;
		};
		7A75C28323CC430C00F9376D /* HandyJSON.framework */ = {
			isa = PBXReferenceProxy;
			fileType = wrapper.framework;
			path = HandyJSON.framework;
			remoteRef = 7A75C28223CC430C00F9376D /* PBXContainerItemProxy */;
			sourceTree = BUILT_PRODUCTS_DIR;
		};
		7A75C28523CC430C00F9376D /* HandyJSON tvOS Tests.xctest */ = {
			isa = PBXReferenceProxy;
			fileType = wrapper.cfbundle;
			path = "HandyJSON tvOS Tests.xctest";
			remoteRef = 7A75C28423CC430C00F9376D /* PBXContainerItemProxy */;
			sourceTree = BUILT_PRODUCTS_DIR;
		};
		7A75C28723CC430C00F9376D /* HandyJSON.framework */ = {
			isa = PBXReferenceProxy;
			fileType = wrapper.framework;
			path = HandyJSON.framework;
			remoteRef = 7A75C28623CC430C00F9376D /* PBXContainerItemProxy */;
			sourceTree = BUILT_PRODUCTS_DIR;
		};
		7A75C28923CC430C00F9376D /* HandyJSON macOS Tests.xctest */ = {
			isa = PBXReferenceProxy;
			fileType = wrapper.cfbundle;
			path = "HandyJSON macOS Tests.xctest";
			remoteRef = 7A75C28823CC430C00F9376D /* PBXContainerItemProxy */;
			sourceTree = BUILT_PRODUCTS_DIR;
		};
		7AF9FD7A23CEAE91009D20B5 /* libMMKV Static.a */ = {
			isa = PBXReferenceProxy;
			fileType = archive.ar;
			path = "libMMKV Static.a";
			remoteRef = 7AF9FD7923CEAE91009D20B5 /* PBXContainerItemProxy */;
			sourceTree = BUILT_PRODUCTS_DIR;
		};
		7AF9FD7C23CEAE91009D20B5 /* MMKV.framework */ = {
			isa = PBXReferenceProxy;
			fileType = wrapper.framework;
			path = MMKV.framework;
			remoteRef = 7AF9FD7B23CEAE91009D20B5 /* PBXContainerItemProxy */;
			sourceTree = BUILT_PRODUCTS_DIR;
		};
		7AFF38A022AF821800AC4958 /* Alamofire.framework */ = {
			isa = PBXReferenceProxy;
			fileType = wrapper.framework;
			path = Alamofire.framework;
			remoteRef = 7AFF389F22AF821800AC4958 /* PBXContainerItemProxy */;
			sourceTree = BUILT_PRODUCTS_DIR;
		};
		7AFF38A222AF821800AC4958 /* Alamofire iOS Tests.xctest */ = {
			isa = PBXReferenceProxy;
			fileType = wrapper.cfbundle;
			path = "Alamofire iOS Tests.xctest";
			remoteRef = 7AFF38A122AF821800AC4958 /* PBXContainerItemProxy */;
			sourceTree = BUILT_PRODUCTS_DIR;
		};
		7AFF38A422AF821800AC4958 /* Alamofire.framework */ = {
			isa = PBXReferenceProxy;
			fileType = wrapper.framework;
			path = Alamofire.framework;
			remoteRef = 7AFF38A322AF821800AC4958 /* PBXContainerItemProxy */;
			sourceTree = BUILT_PRODUCTS_DIR;
		};
		7AFF38A622AF821800AC4958 /* Alamofire macOS Tests.xctest */ = {
			isa = PBXReferenceProxy;
			fileType = wrapper.cfbundle;
			path = "Alamofire macOS Tests.xctest";
			remoteRef = 7AFF38A522AF821800AC4958 /* PBXContainerItemProxy */;
			sourceTree = BUILT_PRODUCTS_DIR;
		};
		7AFF38A822AF821800AC4958 /* Alamofire.framework */ = {
			isa = PBXReferenceProxy;
			fileType = wrapper.framework;
			path = Alamofire.framework;
			remoteRef = 7AFF38A722AF821800AC4958 /* PBXContainerItemProxy */;
			sourceTree = BUILT_PRODUCTS_DIR;
		};
		7AFF38AA22AF821800AC4958 /* Alamofire tvOS Tests.xctest */ = {
			isa = PBXReferenceProxy;
			fileType = wrapper.cfbundle;
			path = "Alamofire tvOS Tests.xctest";
			remoteRef = 7AFF38A922AF821800AC4958 /* PBXContainerItemProxy */;
			sourceTree = BUILT_PRODUCTS_DIR;
		};
		7AFF38AC22AF821800AC4958 /* Alamofire.framework */ = {
			isa = PBXReferenceProxy;
			fileType = wrapper.framework;
			path = Alamofire.framework;
			remoteRef = 7AFF38AB22AF821800AC4958 /* PBXContainerItemProxy */;
			sourceTree = BUILT_PRODUCTS_DIR;
		};
		7AFF38C222AF822000AC4958 /* SwiftyJSON.framework */ = {
			isa = PBXReferenceProxy;
			fileType = wrapper.framework;
			path = SwiftyJSON.framework;
			remoteRef = 7AFF38C122AF822000AC4958 /* PBXContainerItemProxy */;
			sourceTree = BUILT_PRODUCTS_DIR;
		};
		7AFF38C422AF822000AC4958 /* SwiftyJSON iOS Tests.xctest */ = {
			isa = PBXReferenceProxy;
			fileType = wrapper.cfbundle;
			path = "SwiftyJSON iOS Tests.xctest";
			remoteRef = 7AFF38C322AF822000AC4958 /* PBXContainerItemProxy */;
			sourceTree = BUILT_PRODUCTS_DIR;
		};
		7AFF38C622AF822000AC4958 /* SwiftyJSON.framework */ = {
			isa = PBXReferenceProxy;
			fileType = wrapper.framework;
			path = SwiftyJSON.framework;
			remoteRef = 7AFF38C522AF822000AC4958 /* PBXContainerItemProxy */;
			sourceTree = BUILT_PRODUCTS_DIR;
		};
		7AFF38C822AF822000AC4958 /* SwiftyJSON macOS Tests.xctest */ = {
			isa = PBXReferenceProxy;
			fileType = wrapper.cfbundle;
			path = "SwiftyJSON macOS Tests.xctest";
			remoteRef = 7AFF38C722AF822000AC4958 /* PBXContainerItemProxy */;
			sourceTree = BUILT_PRODUCTS_DIR;
		};
		7AFF38CA22AF822000AC4958 /* SwiftyJSON.framework */ = {
			isa = PBXReferenceProxy;
			fileType = wrapper.framework;
			path = SwiftyJSON.framework;
			remoteRef = 7AFF38C922AF822000AC4958 /* PBXContainerItemProxy */;
			sourceTree = BUILT_PRODUCTS_DIR;
		};
		7AFF38CC22AF822000AC4958 /* SwiftyJSON.framework */ = {
			isa = PBXReferenceProxy;
			fileType = wrapper.framework;
			path = SwiftyJSON.framework;
			remoteRef = 7AFF38CB22AF822000AC4958 /* PBXContainerItemProxy */;
			sourceTree = BUILT_PRODUCTS_DIR;
		};
		7AFF38CE22AF822000AC4958 /* SwiftyJSON tvOS Tests.xctest */ = {
			isa = PBXReferenceProxy;
			fileType = wrapper.cfbundle;
			path = "SwiftyJSON tvOS Tests.xctest";
			remoteRef = 7AFF38CD22AF822000AC4958 /* PBXContainerItemProxy */;
			sourceTree = BUILT_PRODUCTS_DIR;
		};
/* End PBXReferenceProxy section */

/* Begin PBXResourcesBuildPhase section */
		7A27506022ABA25600C8A474 /* Resources */ = {
			isa = PBXResourcesBuildPhase;
			buildActionMask = 2147483647;
			files = (
				7AC3B74323CA2043004DB044 /* TestJSON.json in Resources */,
				7A27507022ABA25A00C8A474 /* LaunchScreen.storyboard in Resources */,
				7A21613A238986A400D5A93A /* Images.xcassets in Resources */,
				7A27506D22ABA25A00C8A474 /* Assets.xcassets in Resources */,
				7A27506B22ABA25600C8A474 /* Main.storyboard in Resources */,
				7A2161332389869D00D5A93A /* Books.plist in Resources */,
			);
			runOnlyForDeploymentPostprocessing = 0;
		};
		7A27507422ABA25B00C8A474 /* Resources */ = {
			isa = PBXResourcesBuildPhase;
			buildActionMask = 2147483647;
			files = (
			);
			runOnlyForDeploymentPostprocessing = 0;
		};
		7A27507F22ABA25B00C8A474 /* Resources */ = {
			isa = PBXResourcesBuildPhase;
			buildActionMask = 2147483647;
			files = (
			);
			runOnlyForDeploymentPostprocessing = 0;
		};
/* End PBXResourcesBuildPhase section */

/* Begin PBXSourcesBuildPhase section */
		7A27505E22ABA25600C8A474 /* Sources */ = {
			isa = PBXSourcesBuildPhase;
			buildActionMask = 2147483647;
			files = (
				7A2161382389869D00D5A93A /* ProtocolPage.swift in Sources */,
				7A2161292389868500D5A93A /* ControllerTab.swift in Sources */,
				7A21615B238986AF00D5A93A /* WebViewPage.swift in Sources */,
				7A21611B2389857700D5A93A /* Colors.swift in Sources */,
				7A782D6B23CF20DA00E09ED0 /* NavViewController.swift in Sources */,
				7A7B5D3C23C05A150079A931 /* ArraysPage.swift in Sources */,
				7AF5BBBD23C86DBD002464D7 /* UIControlEvent.swift in Sources */,
				7A3647F5238AB287000BBECD /* BasicModelPage.swift in Sources */,
				7A216153238986AF00D5A93A /* ButtonPage.swift in Sources */,
				7A2161362389869D00D5A93A /* DelegatePage.swift in Sources */,
				7A216159238986AF00D5A93A /* StackViewPage.swift in Sources */,
				7A2161162389857700D5A93A /* UIKitExtension.swift in Sources */,
				7A2161272389868500D5A93A /* ModelTab.swift in Sources */,
				7A2161192389857700D5A93A /* SetFrame.swift in Sources */,
				7A21613F238986AA00D5A93A /* GeneralSubpage.swift in Sources */,
				7A216161238986AF00D5A93A /* SegmentControlPage.swift in Sources */,
				7A3308BF23CC67360021BA5B /* HandyJSONPage.swift in Sources */,
				7A21615F238986AF00D5A93A /* TextFieldPage.swift in Sources */,
				7A21615E238986AF00D5A93A /* TableViewPage.swift in Sources */,
				7A76EF6323CF17B400350087 /* SQLiteManager.swift in Sources */,
				7A94609123D1A6AB00936DE7 /* JoinedModel.swift in Sources */,
				7A21611A2389857700D5A93A /* Mix.swift in Sources */,
				7A2161282389868500D5A93A /* TestTab.swift in Sources */,
				7A2161142389857700D5A93A /* Constant.swift in Sources */,
				7A216155238986AF00D5A93A /* ScrollViewPage.swift in Sources */,
				7A216156238986AF00D5A93A /* SwitchPage.swift in Sources */,
				7A216154238986AF00D5A93A /* LabelPage.swift in Sources */,
				7AC3B74523CA21D1004DB044 /* ReadData.swift in Sources */,
				7A216164238986AF00D5A93A /* ImageViewPage.swift in Sources */,
				7A27506622ABA25600C8A474 /* AppDelegate.swift in Sources */,
				7A21615C238986AF00D5A93A /* DatePickerPage.swift in Sources */,
				7A21615D238986AF00D5A93A /* PageControlPage.swift in Sources */,
				7A2161352389869D00D5A93A /* MenuControllerPage.swift in Sources */,
				7A2161152389857700D5A93A /* SetColorInHex.swift in Sources */,
				7A871E7A23CE122A007CCA90 /* TryPage.swift in Sources */,
				7AC3B74723CA24D5004DB044 /* FileManager.swift in Sources */,
				7A0A7BF823CD5E88009F3BF6 /* ImagePage.swift in Sources */,
				7A36487623926CC8000BBECD /* StylesPage.swift in Sources */,
				7A31324F2392A6680008298C /* ClassPage.swift in Sources */,
				7A8A7EAF23D1A7F50067D9C3 /* JoinedModelPage.swift in Sources */,
				7A2161342389869D00D5A93A /* NumberFormatterPage.swift in Sources */,
				7A33086923CC48A30021BA5B /* RequestPage.swift in Sources */,
				7A21615A238986AF00D5A93A /* AnimationPage.swift in Sources */,
				7A216163238986AF00D5A93A /* PickerViewPage.swift in Sources */,
				7A3647F9238AD062000BBECD /* BasicModel.swift in Sources */,
				7A2161372389869D00D5A93A /* PlistPage.swift in Sources */,
				7A2161182389857700D5A93A /* Function.swift in Sources */,
				7A3308C323CC6DAD0021BA5B /* Styles.swift in Sources */,
				7A3647FD238C33ED000BBECD /* SwiftyJSONPage.swift in Sources */,
				7A216158238986AF00D5A93A /* TextViewPage.swift in Sources */,
				7A216157238986AF00D5A93A /* SliderPage.swift in Sources */,
				7A2161262389868500D5A93A /* ViewTab.swift in Sources */,
				7A2161322389869D00D5A93A /* DecoratorPage.swift in Sources */,
				7A21613E238986AA00D5A93A /* TestPage.swift in Sources */,
				7A216160238986AF00D5A93A /* ViewPage.swift in Sources */,
				7A216162238986AF00D5A93A /* StepperPage.swift in Sources */,
			);
			runOnlyForDeploymentPostprocessing = 0;
		};
		7A27507222ABA25B00C8A474 /* Sources */ = {
			isa = PBXSourcesBuildPhase;
			buildActionMask = 2147483647;
			files = (
				7A27507B22ABA25B00C8A474 /* SwiftNotesTests.swift in Sources */,
			);
			runOnlyForDeploymentPostprocessing = 0;
		};
		7A27507D22ABA25B00C8A474 /* Sources */ = {
			isa = PBXSourcesBuildPhase;
			buildActionMask = 2147483647;
			files = (
				7A27508622ABA25B00C8A474 /* SwiftNotesUITests.swift in Sources */,
			);
			runOnlyForDeploymentPostprocessing = 0;
		};
/* End PBXSourcesBuildPhase section */

/* Begin PBXTargetDependency section */
		7A27507822ABA25B00C8A474 /* PBXTargetDependency */ = {
			isa = PBXTargetDependency;
			target = 7A27506122ABA25600C8A474 /* SwiftNotes */;
			targetProxy = 7A27507722ABA25B00C8A474 /* PBXContainerItemProxy */;
		};
		7A27508322ABA25B00C8A474 /* PBXTargetDependency */ = {
			isa = PBXTargetDependency;
			target = 7A27506122ABA25600C8A474 /* SwiftNotes */;
			targetProxy = 7A27508222ABA25B00C8A474 /* PBXContainerItemProxy */;
		};
		7AFF38D222AF828300AC4958 /* PBXTargetDependency */ = {
			isa = PBXTargetDependency;
			name = "SwiftyJSON iOS";
			targetProxy = 7AFF38D122AF828300AC4958 /* PBXContainerItemProxy */;
		};
		7AFF38DA22AF828300AC4958 /* PBXTargetDependency */ = {
			isa = PBXTargetDependency;
			name = "Alamofire iOS";
			targetProxy = 7AFF38D922AF828300AC4958 /* PBXContainerItemProxy */;
		};
/* End PBXTargetDependency section */

/* Begin PBXVariantGroup section */
		7A27506922ABA25600C8A474 /* Main.storyboard */ = {
			isa = PBXVariantGroup;
			children = (
				7A27506A22ABA25600C8A474 /* Base */,
			);
			name = Main.storyboard;
			sourceTree = "<group>";
		};
		7A27506E22ABA25A00C8A474 /* LaunchScreen.storyboard */ = {
			isa = PBXVariantGroup;
			children = (
				7A27506F22ABA25A00C8A474 /* Base */,
			);
			name = LaunchScreen.storyboard;
			sourceTree = "<group>";
		};
/* End PBXVariantGroup section */

/* Begin XCBuildConfiguration section */
		7A27508822ABA25B00C8A474 /* Debug */ = {
			isa = XCBuildConfiguration;
			buildSettings = {
				ALWAYS_SEARCH_USER_PATHS = NO;
				CLANG_ANALYZER_NONNULL = YES;
				CLANG_ANALYZER_NUMBER_OBJECT_CONVERSION = YES_AGGRESSIVE;
				CLANG_CXX_LANGUAGE_STANDARD = "gnu++14";
				CLANG_CXX_LIBRARY = "libc++";
				CLANG_ENABLE_MODULES = YES;
				CLANG_ENABLE_OBJC_ARC = YES;
				CLANG_ENABLE_OBJC_WEAK = YES;
				CLANG_WARN_BLOCK_CAPTURE_AUTORELEASING = YES;
				CLANG_WARN_BOOL_CONVERSION = YES;
				CLANG_WARN_COMMA = YES;
				CLANG_WARN_CONSTANT_CONVERSION = YES;
				CLANG_WARN_DEPRECATED_OBJC_IMPLEMENTATIONS = YES;
				CLANG_WARN_DIRECT_OBJC_ISA_USAGE = YES_ERROR;
				CLANG_WARN_DOCUMENTATION_COMMENTS = YES;
				CLANG_WARN_EMPTY_BODY = YES;
				CLANG_WARN_ENUM_CONVERSION = YES;
				CLANG_WARN_INFINITE_RECURSION = YES;
				CLANG_WARN_INT_CONVERSION = YES;
				CLANG_WARN_NON_LITERAL_NULL_CONVERSION = YES;
				CLANG_WARN_OBJC_IMPLICIT_RETAIN_SELF = YES;
				CLANG_WARN_OBJC_LITERAL_CONVERSION = YES;
				CLANG_WARN_OBJC_ROOT_CLASS = YES_ERROR;
				CLANG_WARN_RANGE_LOOP_ANALYSIS = YES;
				CLANG_WARN_STRICT_PROTOTYPES = YES;
				CLANG_WARN_SUSPICIOUS_MOVE = YES;
				CLANG_WARN_UNGUARDED_AVAILABILITY = YES_AGGRESSIVE;
				CLANG_WARN_UNREACHABLE_CODE = YES;
				CLANG_WARN__DUPLICATE_METHOD_MATCH = YES;
				CODE_SIGN_IDENTITY = "iPhone Developer";
				COPY_PHASE_STRIP = NO;
				DEBUG_INFORMATION_FORMAT = dwarf;
				ENABLE_STRICT_OBJC_MSGSEND = YES;
				ENABLE_TESTABILITY = YES;
				GCC_C_LANGUAGE_STANDARD = gnu11;
				GCC_DYNAMIC_NO_PIC = NO;
				GCC_NO_COMMON_BLOCKS = YES;
				GCC_OPTIMIZATION_LEVEL = 0;
				GCC_PREPROCESSOR_DEFINITIONS = (
					"DEBUG=1",
					"$(inherited)",
				);
				GCC_WARN_64_TO_32_BIT_CONVERSION = YES;
				GCC_WARN_ABOUT_RETURN_TYPE = YES_ERROR;
				GCC_WARN_UNDECLARED_SELECTOR = YES;
				GCC_WARN_UNINITIALIZED_AUTOS = YES_AGGRESSIVE;
				GCC_WARN_UNUSED_FUNCTION = YES;
				GCC_WARN_UNUSED_VARIABLE = YES;
				IPHONEOS_DEPLOYMENT_TARGET = 12.2;
				MTL_ENABLE_DEBUG_INFO = INCLUDE_SOURCE;
				MTL_FAST_MATH = YES;
				ONLY_ACTIVE_ARCH = YES;
				SDKROOT = iphoneos;
				SWIFT_ACTIVE_COMPILATION_CONDITIONS = DEBUG;
				SWIFT_OPTIMIZATION_LEVEL = "-Onone";
			};
			name = Debug;
		};
		7A27508922ABA25B00C8A474 /* Release */ = {
			isa = XCBuildConfiguration;
			buildSettings = {
				ALWAYS_SEARCH_USER_PATHS = NO;
				CLANG_ANALYZER_NONNULL = YES;
				CLANG_ANALYZER_NUMBER_OBJECT_CONVERSION = YES_AGGRESSIVE;
				CLANG_CXX_LANGUAGE_STANDARD = "gnu++14";
				CLANG_CXX_LIBRARY = "libc++";
				CLANG_ENABLE_MODULES = YES;
				CLANG_ENABLE_OBJC_ARC = YES;
				CLANG_ENABLE_OBJC_WEAK = YES;
				CLANG_WARN_BLOCK_CAPTURE_AUTORELEASING = YES;
				CLANG_WARN_BOOL_CONVERSION = YES;
				CLANG_WARN_COMMA = YES;
				CLANG_WARN_CONSTANT_CONVERSION = YES;
				CLANG_WARN_DEPRECATED_OBJC_IMPLEMENTATIONS = YES;
				CLANG_WARN_DIRECT_OBJC_ISA_USAGE = YES_ERROR;
				CLANG_WARN_DOCUMENTATION_COMMENTS = YES;
				CLANG_WARN_EMPTY_BODY = YES;
				CLANG_WARN_ENUM_CONVERSION = YES;
				CLANG_WARN_INFINITE_RECURSION = YES;
				CLANG_WARN_INT_CONVERSION = YES;
				CLANG_WARN_NON_LITERAL_NULL_CONVERSION = YES;
				CLANG_WARN_OBJC_IMPLICIT_RETAIN_SELF = YES;
				CLANG_WARN_OBJC_LITERAL_CONVERSION = YES;
				CLANG_WARN_OBJC_ROOT_CLASS = YES_ERROR;
				CLANG_WARN_RANGE_LOOP_ANALYSIS = YES;
				CLANG_WARN_STRICT_PROTOTYPES = YES;
				CLANG_WARN_SUSPICIOUS_MOVE = YES;
				CLANG_WARN_UNGUARDED_AVAILABILITY = YES_AGGRESSIVE;
				CLANG_WARN_UNREACHABLE_CODE = YES;
				CLANG_WARN__DUPLICATE_METHOD_MATCH = YES;
				CODE_SIGN_IDENTITY = "iPhone Developer";
				COPY_PHASE_STRIP = NO;
				DEBUG_INFORMATION_FORMAT = "dwarf-with-dsym";
				ENABLE_NS_ASSERTIONS = NO;
				ENABLE_STRICT_OBJC_MSGSEND = YES;
				GCC_C_LANGUAGE_STANDARD = gnu11;
				GCC_NO_COMMON_BLOCKS = YES;
				GCC_WARN_64_TO_32_BIT_CONVERSION = YES;
				GCC_WARN_ABOUT_RETURN_TYPE = YES_ERROR;
				GCC_WARN_UNDECLARED_SELECTOR = YES;
				GCC_WARN_UNINITIALIZED_AUTOS = YES_AGGRESSIVE;
				GCC_WARN_UNUSED_FUNCTION = YES;
				GCC_WARN_UNUSED_VARIABLE = YES;
				IPHONEOS_DEPLOYMENT_TARGET = 12.2;
				MTL_ENABLE_DEBUG_INFO = NO;
				MTL_FAST_MATH = YES;
				SDKROOT = iphoneos;
				SWIFT_COMPILATION_MODE = wholemodule;
				SWIFT_OPTIMIZATION_LEVEL = "-O";
				VALIDATE_PRODUCT = YES;
			};
			name = Release;
		};
		7A27508B22ABA25B00C8A474 /* Debug */ = {
			isa = XCBuildConfiguration;
			buildSettings = {
				ALWAYS_EMBED_SWIFT_STANDARD_LIBRARIES = YES;
				ASSETCATALOG_COMPILER_APPICON_NAME = AppIcon;
				CODE_SIGN_STYLE = Automatic;
				DEVELOPMENT_TEAM = TDFRXP9684;
				INFOPLIST_FILE = SwiftNotes/Info.plist;
				IPHONEOS_DEPLOYMENT_TARGET = 13.2;
				LD_RUNPATH_SEARCH_PATHS = (
					"$(inherited)",
					"@executable_path/Frameworks",
				);
				PRODUCT_BUNDLE_IDENTIFIER = GinsMac.SwiftNotes;
				PRODUCT_NAME = "$(TARGET_NAME)";
				SWIFT_VERSION = 5.0;
				TARGETED_DEVICE_FAMILY = "1,2";
			};
			name = Debug;
		};
		7A27508C22ABA25B00C8A474 /* Release */ = {
			isa = XCBuildConfiguration;
			buildSettings = {
				ALWAYS_EMBED_SWIFT_STANDARD_LIBRARIES = YES;
				ASSETCATALOG_COMPILER_APPICON_NAME = AppIcon;
				CODE_SIGN_STYLE = Automatic;
				DEVELOPMENT_TEAM = TDFRXP9684;
				INFOPLIST_FILE = SwiftNotes/Info.plist;
				IPHONEOS_DEPLOYMENT_TARGET = 13.2;
				LD_RUNPATH_SEARCH_PATHS = (
					"$(inherited)",
					"@executable_path/Frameworks",
				);
				PRODUCT_BUNDLE_IDENTIFIER = GinsMac.SwiftNotes;
				PRODUCT_NAME = "$(TARGET_NAME)";
				SWIFT_VERSION = 5.0;
				TARGETED_DEVICE_FAMILY = "1,2";
			};
			name = Release;
		};
		7A27508E22ABA25B00C8A474 /* Debug */ = {
			isa = XCBuildConfiguration;
			buildSettings = {
				ALWAYS_EMBED_SWIFT_STANDARD_LIBRARIES = YES;
				BUNDLE_LOADER = "$(TEST_HOST)";
				CODE_SIGN_STYLE = Automatic;
				DEVELOPMENT_TEAM = TDFRXP9684;
				INFOPLIST_FILE = SwiftNotesTests/Info.plist;
				LD_RUNPATH_SEARCH_PATHS = (
					"$(inherited)",
					"@executable_path/Frameworks",
					"@loader_path/Frameworks",
				);
				PRODUCT_BUNDLE_IDENTIFIER = GinsMac.SwiftNotesTests;
				PRODUCT_NAME = "$(TARGET_NAME)";
				SWIFT_VERSION = 5.0;
				TARGETED_DEVICE_FAMILY = "1,2";
				TEST_HOST = "$(BUILT_PRODUCTS_DIR)/SwiftNotes.app/SwiftNotes";
			};
			name = Debug;
		};
		7A27508F22ABA25B00C8A474 /* Release */ = {
			isa = XCBuildConfiguration;
			buildSettings = {
				ALWAYS_EMBED_SWIFT_STANDARD_LIBRARIES = YES;
				BUNDLE_LOADER = "$(TEST_HOST)";
				CODE_SIGN_STYLE = Automatic;
				DEVELOPMENT_TEAM = TDFRXP9684;
				INFOPLIST_FILE = SwiftNotesTests/Info.plist;
				LD_RUNPATH_SEARCH_PATHS = (
					"$(inherited)",
					"@executable_path/Frameworks",
					"@loader_path/Frameworks",
				);
				PRODUCT_BUNDLE_IDENTIFIER = GinsMac.SwiftNotesTests;
				PRODUCT_NAME = "$(TARGET_NAME)";
				SWIFT_VERSION = 5.0;
				TARGETED_DEVICE_FAMILY = "1,2";
				TEST_HOST = "$(BUILT_PRODUCTS_DIR)/SwiftNotes.app/SwiftNotes";
			};
			name = Release;
		};
		7A27509122ABA25B00C8A474 /* Debug */ = {
			isa = XCBuildConfiguration;
			buildSettings = {
				ALWAYS_EMBED_SWIFT_STANDARD_LIBRARIES = YES;
				CODE_SIGN_STYLE = Automatic;
				DEVELOPMENT_TEAM = TDFRXP9684;
				INFOPLIST_FILE = SwiftNotesUITests/Info.plist;
				LD_RUNPATH_SEARCH_PATHS = (
					"$(inherited)",
					"@executable_path/Frameworks",
					"@loader_path/Frameworks",
				);
				PRODUCT_BUNDLE_IDENTIFIER = GinsMac.SwiftNotesUITests;
				PRODUCT_NAME = "$(TARGET_NAME)";
				SWIFT_VERSION = 5.0;
				TARGETED_DEVICE_FAMILY = "1,2";
				TEST_TARGET_NAME = SwiftNotes;
			};
			name = Debug;
		};
		7A27509222ABA25B00C8A474 /* Release */ = {
			isa = XCBuildConfiguration;
			buildSettings = {
				ALWAYS_EMBED_SWIFT_STANDARD_LIBRARIES = YES;
				CODE_SIGN_STYLE = Automatic;
				DEVELOPMENT_TEAM = TDFRXP9684;
				INFOPLIST_FILE = SwiftNotesUITests/Info.plist;
				LD_RUNPATH_SEARCH_PATHS = (
					"$(inherited)",
					"@executable_path/Frameworks",
					"@loader_path/Frameworks",
				);
				PRODUCT_BUNDLE_IDENTIFIER = GinsMac.SwiftNotesUITests;
				PRODUCT_NAME = "$(TARGET_NAME)";
				SWIFT_VERSION = 5.0;
				TARGETED_DEVICE_FAMILY = "1,2";
				TEST_TARGET_NAME = SwiftNotes;
			};
			name = Release;
		};
/* End XCBuildConfiguration section */

/* Begin XCConfigurationList section */
		7A27505D22ABA25600C8A474 /* Build configuration list for PBXProject "SwiftNotes" */ = {
			isa = XCConfigurationList;
			buildConfigurations = (
				7A27508822ABA25B00C8A474 /* Debug */,
				7A27508922ABA25B00C8A474 /* Release */,
			);
			defaultConfigurationIsVisible = 0;
			defaultConfigurationName = Release;
		};
		7A27508A22ABA25B00C8A474 /* Build configuration list for PBXNativeTarget "SwiftNotes" */ = {
			isa = XCConfigurationList;
			buildConfigurations = (
				7A27508B22ABA25B00C8A474 /* Debug */,
				7A27508C22ABA25B00C8A474 /* Release */,
			);
			defaultConfigurationIsVisible = 0;
			defaultConfigurationName = Release;
		};
		7A27508D22ABA25B00C8A474 /* Build configuration list for PBXNativeTarget "SwiftNotesTests" */ = {
			isa = XCConfigurationList;
			buildConfigurations = (
				7A27508E22ABA25B00C8A474 /* Debug */,
				7A27508F22ABA25B00C8A474 /* Release */,
			);
			defaultConfigurationIsVisible = 0;
			defaultConfigurationName = Release;
		};
		7A27509022ABA25B00C8A474 /* Build configuration list for PBXNativeTarget "SwiftNotesUITests" */ = {
			isa = XCConfigurationList;
			buildConfigurations = (
				7A27509122ABA25B00C8A474 /* Debug */,
				7A27509222ABA25B00C8A474 /* Release */,
			);
			defaultConfigurationIsVisible = 0;
			defaultConfigurationName = Release;
		};
/* End XCConfigurationList section */
	};
	rootObject = 7A27505A22ABA25600C8A474 /* Project object */;
}
